// !$*UTF8*$!
{
	archiveVersion = 1;
	classes = {
	};
	objectVersion = 56;
	objects = {

/* Begin PBXBuildFile section */
		2F0BA3EC2AE0351E009D0353 /* TempPasswordViewController.swift in Sources */ = {isa = PBXBuildFile; fileRef = 2F0BA3EB2AE0351E009D0353 /* TempPasswordViewController.swift */; };
		2F20E2CA2ADFD24E00A943C7 /* Login.storyboard in Resources */ = {isa = PBXBuildFile; fileRef = 2F20E2C92ADFD24E00A943C7 /* Login.storyboard */; };
		2F20E2CC2ADFD26300A943C7 /* LoginViewController.swift in Sources */ = {isa = PBXBuildFile; fileRef = 2F20E2CB2ADFD26300A943C7 /* LoginViewController.swift */; };
		2F20E2CE2ADFD27700A943C7 /* FindPasswordViewController.swift in Sources */ = {isa = PBXBuildFile; fileRef = 2F20E2CD2ADFD27600A943C7 /* FindPasswordViewController.swift */; };
		2F20E2D02ADFD28900A943C7 /* ResetPasswordViewController.swift in Sources */ = {isa = PBXBuildFile; fileRef = 2F20E2CF2ADFD28900A943C7 /* ResetPasswordViewController.swift */; };
		2F2406192AFA488700E52705 /* SetProfileViewController.swift in Sources */ = {isa = PBXBuildFile; fileRef = 2F2406182AFA488700E52705 /* SetProfileViewController.swift */; };
		2F24061D2AFA682A00E52705 /* CompleteSignUpViewController.swift in Sources */ = {isa = PBXBuildFile; fileRef = 2F24061C2AFA682A00E52705 /* CompleteSignUpViewController.swift */; };
		2F28E67D2A1DD9BA00021E72 /* Search.storyboard in Resources */ = {isa = PBXBuildFile; fileRef = 2F28E67C2A1DD9BA00021E72 /* Search.storyboard */; };
		2F28E67F2A1DD9C700021E72 /* SearchViewController.swift in Sources */ = {isa = PBXBuildFile; fileRef = 2F28E67E2A1DD9C700021E72 /* SearchViewController.swift */; };
		2F28E6812A1DDA4300021E72 /* StudyRoomViewController.swift in Sources */ = {isa = PBXBuildFile; fileRef = 2F28E6802A1DDA4300021E72 /* StudyRoomViewController.swift */; };
		2F28E6832A1DDA5F00021E72 /* StudyRoom.storyboard in Resources */ = {isa = PBXBuildFile; fileRef = 2F28E6822A1DDA5F00021E72 /* StudyRoom.storyboard */; };
		2F2B3E232A1DBE52008B0506 /* TabMenuViewController.swift in Sources */ = {isa = PBXBuildFile; fileRef = 2F2B3E222A1DBE52008B0506 /* TabMenuViewController.swift */; };
		2F2B3E252A1DBE74008B0506 /* TabMenu.storyboard in Resources */ = {isa = PBXBuildFile; fileRef = 2F2B3E242A1DBE74008B0506 /* TabMenu.storyboard */; };
		2F2D15DA2ABC4C5A00ECBD5D /* StudyDetailModel.swift in Sources */ = {isa = PBXBuildFile; fileRef = 2F2D15D92ABC4C5A00ECBD5D /* StudyDetailModel.swift */; };
		2F37F4C62ADEBE2B005BB63A /* CustomView.storyboard in Resources */ = {isa = PBXBuildFile; fileRef = 2F37F4C52ADEBE2B005BB63A /* CustomView.storyboard */; };
		2F37F4C82ADEBE9B005BB63A /* PopUpActionViewController.swift in Sources */ = {isa = PBXBuildFile; fileRef = 2F37F4C72ADEBE9B005BB63A /* PopUpActionViewController.swift */; };
		2F461FF12AF9096200870073 /* KeyChain.swift in Sources */ = {isa = PBXBuildFile; fileRef = 2F461FF02AF9096200870073 /* KeyChain.swift */; };
		2F5BA7622A9B278200E9A444 /* RecentSearchLayout.swift in Sources */ = {isa = PBXBuildFile; fileRef = 2F5BA7612A9B278200E9A444 /* RecentSearchLayout.swift */; };
		2F8270E02A8F7B9100CE7BE1 /* StudyListViewController.swift in Sources */ = {isa = PBXBuildFile; fileRef = 2F8270DF2A8F7B9100CE7BE1 /* StudyListViewController.swift */; };
		2F8270E22A8F7EEB00CE7BE1 /* StudyListModel.swift in Sources */ = {isa = PBXBuildFile; fileRef = 2F8270E12A8F7EEB00CE7BE1 /* StudyListModel.swift */; };
		2F8270E62A8F808000CE7BE1 /* StudyListCollectionViewCell.swift in Sources */ = {isa = PBXBuildFile; fileRef = 2F8270E52A8F808000CE7BE1 /* StudyListCollectionViewCell.swift */; };
		2F928D142AFDF54400DE96C7 /* StudyTypeViewController.swift in Sources */ = {isa = PBXBuildFile; fileRef = 2F928D132AFDF54400DE96C7 /* StudyTypeViewController.swift */; };
		2F97C2632B0216960013BC93 /* SetProfileAPI.swift in Sources */ = {isa = PBXBuildFile; fileRef = 2F97C2622B0216960013BC93 /* SetProfileAPI.swift */; };
		2F97C2692B0224580013BC93 /* AddTodoPostAPI.swift in Sources */ = {isa = PBXBuildFile; fileRef = 2F97C2682B0224580013BC93 /* AddTodoPostAPI.swift */; };
		2F9DAF532A3222A5007CA960 /* StudyDetailViewController.swift in Sources */ = {isa = PBXBuildFile; fileRef = 2F9DAF522A3222A5007CA960 /* StudyDetailViewController.swift */; };
		2F9DAF552A3222B9007CA960 /* Study.storyboard in Resources */ = {isa = PBXBuildFile; fileRef = 2F9DAF542A3222B9007CA960 /* Study.storyboard */; };
		2FA142762A149024006AA91B /* AppDelegate.swift in Sources */ = {isa = PBXBuildFile; fileRef = 2FA142752A149024006AA91B /* AppDelegate.swift */; };
		2FA142782A149024006AA91B /* SceneDelegate.swift in Sources */ = {isa = PBXBuildFile; fileRef = 2FA142772A149024006AA91B /* SceneDelegate.swift */; };
		2FA1427A2A149024006AA91B /* ViewController.swift in Sources */ = {isa = PBXBuildFile; fileRef = 2FA142792A149024006AA91B /* ViewController.swift */; };
		2FA1427D2A149024006AA91B /* Main.storyboard in Resources */ = {isa = PBXBuildFile; fileRef = 2FA1427B2A149024006AA91B /* Main.storyboard */; };
		2FA142822A149026006AA91B /* LaunchScreen.storyboard in Resources */ = {isa = PBXBuildFile; fileRef = 2FA142802A149026006AA91B /* LaunchScreen.storyboard */; };
		2FB095862A2631910035FB78 /* DeviceGroup.swift in Sources */ = {isa = PBXBuildFile; fileRef = 2FB095852A2631910035FB78 /* DeviceGroup.swift */; };
		2FC144852AC8067400A642AD /* StudyBasicInfoViewController.swift in Sources */ = {isa = PBXBuildFile; fileRef = 2FC144842AC8067400A642AD /* StudyBasicInfoViewController.swift */; };
		2FC177B12AD7DB2000873B50 /* SignUp.storyboard in Resources */ = {isa = PBXBuildFile; fileRef = 2FC177B02AD7DB2000873B50 /* SignUp.storyboard */; };
		2FC177B32AD7DB5500873B50 /* SignUpViewController.swift in Sources */ = {isa = PBXBuildFile; fileRef = 2FC177B22AD7DB5500873B50 /* SignUpViewController.swift */; };
		2FC514052AF36C3900C7C7AD /* LoginPostAPI.swift in Sources */ = {isa = PBXBuildFile; fileRef = 2FC514042AF36C3900C7C7AD /* LoginPostAPI.swift */; };
		2FD24DA82A24F73B000747D7 /* SearchResultViewController.swift in Sources */ = {isa = PBXBuildFile; fileRef = 2FD24DA72A24F73B000747D7 /* SearchResultViewController.swift */; };
		2FD8EF952ABC5C7F002A6F3B /* StudyOutlineViewController.swift in Sources */ = {isa = PBXBuildFile; fileRef = 2FD8EF942ABC5C7F002A6F3B /* StudyOutlineViewController.swift */; };
		2FF25FE02A98D181004EA0F5 /* RecentSearchCollectionViewCell.swift in Sources */ = {isa = PBXBuildFile; fileRef = 2FF25FDF2A98D181004EA0F5 /* RecentSearchCollectionViewCell.swift */; };
		5A2646662AEA39AB00B4CE31 /* APIConstants.swift in Sources */ = {isa = PBXBuildFile; fileRef = 5A2646652AEA39AB00B4CE31 /* APIConstants.swift */; };
		5A3538802B05C21F00D900C5 /* UIColor.swift in Sources */ = {isa = PBXBuildFile; fileRef = 5A3538782B05C21F00D900C5 /* UIColor.swift */; };
		5A3538812B05C21F00D900C5 /* RoundedProgressView.swift in Sources */ = {isa = PBXBuildFile; fileRef = 5A3538792B05C21F00D900C5 /* RoundedProgressView.swift */; };
		5A3538822B05C21F00D900C5 /* SurveyResultVC.swift in Sources */ = {isa = PBXBuildFile; fileRef = 5A35387B2B05C21F00D900C5 /* SurveyResultVC.swift */; };
		5A3538832B05C21F00D900C5 /* SurveyStartVC.swift in Sources */ = {isa = PBXBuildFile; fileRef = 5A35387C2B05C21F00D900C5 /* SurveyStartVC.swift */; };
		5A3538842B05C21F00D900C5 /* SurveyVC.swift in Sources */ = {isa = PBXBuildFile; fileRef = 5A35387D2B05C21F00D900C5 /* SurveyVC.swift */; };
		5A3538852B05C21F00D900C5 /* Survey.storyboard in Resources */ = {isa = PBXBuildFile; fileRef = 5A35387F2B05C21F00D900C5 /* Survey.storyboard */; };
		5A67766B2A1E1ECF00F1D3DB /* Assets.xcassets in Resources */ = {isa = PBXBuildFile; fileRef = 5A67766A2A1E1ECF00F1D3DB /* Assets.xcassets */; };
		5A6776B62A2269B600F1D3DB /* Pretendard-Bold.ttf in Resources */ = {isa = PBXBuildFile; fileRef = 5A6776AD2A2269B600F1D3DB /* Pretendard-Bold.ttf */; };
		5A6776B72A2269B600F1D3DB /* Pretendard-Medium.ttf in Resources */ = {isa = PBXBuildFile; fileRef = 5A6776AE2A2269B600F1D3DB /* Pretendard-Medium.ttf */; };
		5A6776B82A2269B600F1D3DB /* Pretendard-SemiBold.ttf in Resources */ = {isa = PBXBuildFile; fileRef = 5A6776AF2A2269B600F1D3DB /* Pretendard-SemiBold.ttf */; };
		5A6776B92A2269B600F1D3DB /* Pretendard-ExtraBold.ttf in Resources */ = {isa = PBXBuildFile; fileRef = 5A6776B02A2269B600F1D3DB /* Pretendard-ExtraBold.ttf */; };
		5A6776BA2A2269B600F1D3DB /* Pretendard-Regular.ttf in Resources */ = {isa = PBXBuildFile; fileRef = 5A6776B12A2269B600F1D3DB /* Pretendard-Regular.ttf */; };
		5A6776BB2A2269B600F1D3DB /* Pretendard-Thin.ttf in Resources */ = {isa = PBXBuildFile; fileRef = 5A6776B22A2269B600F1D3DB /* Pretendard-Thin.ttf */; };
		5A6776BC2A2269B600F1D3DB /* Pretendard-ExtraLight.ttf in Resources */ = {isa = PBXBuildFile; fileRef = 5A6776B32A2269B600F1D3DB /* Pretendard-ExtraLight.ttf */; };
		5A6776BD2A2269B600F1D3DB /* Pretendard-Light.ttf in Resources */ = {isa = PBXBuildFile; fileRef = 5A6776B42A2269B600F1D3DB /* Pretendard-Light.ttf */; };
		5A6776BE2A2269B600F1D3DB /* Pretendard-Black.ttf in Resources */ = {isa = PBXBuildFile; fileRef = 5A6776B52A2269B600F1D3DB /* Pretendard-Black.ttf */; };
		5A6776C12A2269DA00F1D3DB /* survey_character.png in Resources */ = {isa = PBXBuildFile; fileRef = 5A6776C02A2269DA00F1D3DB /* survey_character.png */; };
		5A8BF2162AF35BBC00C58D45 /* SignUpPostAPI.swift in Sources */ = {isa = PBXBuildFile; fileRef = 5A8BF2152AF35BBC00C58D45 /* SignUpPostAPI.swift */; };
		5AD2E72D2B0286A800A9437B /* MypageGetAPI.swift in Sources */ = {isa = PBXBuildFile; fileRef = 5AD2E7272B0286A800A9437B /* MypageGetAPI.swift */; };
		5AD2E72E2B0286A800A9437B /* ApprovalDetailVC.swift in Sources */ = {isa = PBXBuildFile; fileRef = 5AD2E7292B0286A800A9437B /* ApprovalDetailVC.swift */; };
		5AD2E72F2B0286A800A9437B /* MyPageViewController.swift in Sources */ = {isa = PBXBuildFile; fileRef = 5AD2E72A2B0286A800A9437B /* MyPageViewController.swift */; };
		5AD2E7302B0286A800A9437B /* MyPage.storyboard in Resources */ = {isa = PBXBuildFile; fileRef = 5AD2E72C2B0286A800A9437B /* MyPage.storyboard */; };
		5AD2E7452B02964E00A9437B /* RecruitingStudyGetAPI.swift in Sources */ = {isa = PBXBuildFile; fileRef = 5AD2E7362B02964E00A9437B /* RecruitingStudyGetAPI.swift */; };
		5AD2E7462B02964E00A9437B /* PagingViewController.swift in Sources */ = {isa = PBXBuildFile; fileRef = 5AD2E7382B02964E00A9437B /* PagingViewController.swift */; };
		5AD2E7472B02964E00A9437B /* StudyInputView.swift in Sources */ = {isa = PBXBuildFile; fileRef = 5AD2E7392B02964E00A9437B /* StudyInputView.swift */; };
		5AD2E7482B02964E00A9437B /* PersonnelAptitudeViewController.swift in Sources */ = {isa = PBXBuildFile; fileRef = 5AD2E73A2B02964E00A9437B /* PersonnelAptitudeViewController.swift */; };
		5AD2E7492B02964E00A9437B /* currentEventViewController.swift in Sources */ = {isa = PBXBuildFile; fileRef = 5AD2E73B2B02964E00A9437B /* currentEventViewController.swift */; };
		5AD2E74A2B02964E00A9437B /* HomeViewController.swift in Sources */ = {isa = PBXBuildFile; fileRef = 5AD2E73C2B02964E00A9437B /* HomeViewController.swift */; };
		5AD2E74B2B02964E00A9437B /* AnalysisViewController.swift in Sources */ = {isa = PBXBuildFile; fileRef = 5AD2E73D2B02964E00A9437B /* AnalysisViewController.swift */; };
		5AD2E74C2B02964E00A9437B /* InterviewViewController.swift in Sources */ = {isa = PBXBuildFile; fileRef = 5AD2E73E2B02964E00A9437B /* InterviewViewController.swift */; };
		5AD2E74D2B02964E00A9437B /* AllViewController.swift in Sources */ = {isa = PBXBuildFile; fileRef = 5AD2E73F2B02964E00A9437B /* AllViewController.swift */; };
		5AD2E74E2B02964E00A9437B /* LanguageViewController.swift in Sources */ = {isa = PBXBuildFile; fileRef = 5AD2E7402B02964E00A9437B /* LanguageViewController.swift */; };
		5AD2E74F2B02964E00A9437B /* SelfIntroductionViewController.swift in Sources */ = {isa = PBXBuildFile; fileRef = 5AD2E7412B02964E00A9437B /* SelfIntroductionViewController.swift */; };
		5AD2E7502B02964E00A9437B /* Home.storyboard in Resources */ = {isa = PBXBuildFile; fileRef = 5AD2E7432B02964E00A9437B /* Home.storyboard */; };
		5AD2E7512B02964E00A9437B /* StudyInputView.xib in Resources */ = {isa = PBXBuildFile; fileRef = 5AD2E7442B02964E00A9437B /* StudyInputView.xib */; };
		5AD2E7A92B02A8AE00A9437B /* CreateStudyPostAPI.swift in Sources */ = {isa = PBXBuildFile; fileRef = 5AD2E79A2B02A8AE00A9437B /* CreateStudyPostAPI.swift */; };
		5AD2E7AA2B02A8AE00A9437B /* IntroPopUp.swift in Sources */ = {isa = PBXBuildFile; fileRef = 5AD2E79C2B02A8AE00A9437B /* IntroPopUp.swift */; };
		5AD2E7AB2B02A8AE00A9437B /* DetailInfoVC.swift in Sources */ = {isa = PBXBuildFile; fileRef = 5AD2E79D2B02A8AE00A9437B /* DetailInfoVC.swift */; };
		5AD2E7AC2B02A8AE00A9437B /* ChooseCategoryVC.swift in Sources */ = {isa = PBXBuildFile; fileRef = 5AD2E79E2B02A8AE00A9437B /* ChooseCategoryVC.swift */; };
		5AD2E7AD2B02A8AE00A9437B /* BasicInfoVC.swift in Sources */ = {isa = PBXBuildFile; fileRef = 5AD2E79F2B02A8AE00A9437B /* BasicInfoVC.swift */; };
		5AD2E7AE2B02A8AE00A9437B /* RegisterTodoVC.swift in Sources */ = {isa = PBXBuildFile; fileRef = 5AD2E7A02B02A8AE00A9437B /* RegisterTodoVC.swift */; };
		5AD2E7AF2B02A8AE00A9437B /* FinishVC.swift in Sources */ = {isa = PBXBuildFile; fileRef = 5AD2E7A12B02A8AE00A9437B /* FinishVC.swift */; };
		5AD2E7B02B02A8AE00A9437B /* CheckTableViewCell.swift in Sources */ = {isa = PBXBuildFile; fileRef = 5AD2E7A22B02A8AE00A9437B /* CheckTableViewCell.swift */; };
		5AD2E7B12B02A8AE00A9437B /* Todo.swift in Sources */ = {isa = PBXBuildFile; fileRef = 5AD2E7A32B02A8AE00A9437B /* Todo.swift */; };
		5AD2E7B22B02A8AE00A9437B /* RulePopUp.swift in Sources */ = {isa = PBXBuildFile; fileRef = 5AD2E7A42B02A8AE00A9437B /* RulePopUp.swift */; };
		5AD2E7B32B02A8AE00A9437B /* CreateStudy.storyboard in Resources */ = {isa = PBXBuildFile; fileRef = 5AD2E7A62B02A8AE00A9437B /* CreateStudy.storyboard */; };
		5AD2E7B42B02A8AE00A9437B /* RulePopUp.xib in Resources */ = {isa = PBXBuildFile; fileRef = 5AD2E7A72B02A8AE00A9437B /* RulePopUp.xib */; };
		5AD2E7B52B02A8AE00A9437B /* IntroPopUp.xib in Resources */ = {isa = PBXBuildFile; fileRef = 5AD2E7A82B02A8AE00A9437B /* IntroPopUp.xib */; };
		5AD2E7B72B02B41700A9437B /* ProfileVC.swift in Sources */ = {isa = PBXBuildFile; fileRef = 5AD2E7B62B02B41700A9437B /* ProfileVC.swift */; };
		5AD2E7B92B03545700A9437B /* MyStudyVC.swift in Sources */ = {isa = PBXBuildFile; fileRef = 5AD2E7B82B03545700A9437B /* MyStudyVC.swift */; };
		E6FE083ADFD94888B7BAA4B1 /* Pods_MOS.framework in Frameworks */ = {isa = PBXBuildFile; fileRef = C8023C552FBAB477251468C8 /* Pods_MOS.framework */; };
		F304A13D2A41FDC90066036B /* StudyDetailInfoViewController.swift in Sources */ = {isa = PBXBuildFile; fileRef = F304A13C2A41FDC90066036B /* StudyDetailInfoViewController.swift */; };
		F304A13F2A4206240066036B /* StudyMemberInfoViewController.swift in Sources */ = {isa = PBXBuildFile; fileRef = F304A13E2A4206240066036B /* StudyMemberInfoViewController.swift */; };
		F304A1412A420FF90066036B /* StudyInfoTodoViewController.swift in Sources */ = {isa = PBXBuildFile; fileRef = F304A1402A420FF90066036B /* StudyInfoTodoViewController.swift */; };
		F33B43462A3B84BA00A5E781 /* StudyRecruitInfoViewController.swift in Sources */ = {isa = PBXBuildFile; fileRef = F33B43452A3B84BA00A5E781 /* StudyRecruitInfoViewController.swift */; };
		F3A7F9BC2A4219BC00AE1863 /* PreQuestionAlertViewController.swift in Sources */ = {isa = PBXBuildFile; fileRef = F3A7F9BB2A4219BC00AE1863 /* PreQuestionAlertViewController.swift */; };
		F3A7F9BE2A421DC800AE1863 /* StudyRegisterViewController.swift in Sources */ = {isa = PBXBuildFile; fileRef = F3A7F9BD2A421DC800AE1863 /* StudyRegisterViewController.swift */; };
		F3A7F9C02A422C4700AE1863 /* CompleteRegisterStudyViewController.swift in Sources */ = {isa = PBXBuildFile; fileRef = F3A7F9BF2A422C4700AE1863 /* CompleteRegisterStudyViewController.swift */; };
/* End PBXBuildFile section */

/* Begin PBXFileReference section */
		2F0BA3EB2AE0351E009D0353 /* TempPasswordViewController.swift */ = {isa = PBXFileReference; lastKnownFileType = sourcecode.swift; path = TempPasswordViewController.swift; sourceTree = "<group>"; };
		2F20E2C92ADFD24E00A943C7 /* Login.storyboard */ = {isa = PBXFileReference; lastKnownFileType = file.storyboard; path = Login.storyboard; sourceTree = "<group>"; };
		2F20E2CB2ADFD26300A943C7 /* LoginViewController.swift */ = {isa = PBXFileReference; lastKnownFileType = sourcecode.swift; path = LoginViewController.swift; sourceTree = "<group>"; };
		2F20E2CD2ADFD27600A943C7 /* FindPasswordViewController.swift */ = {isa = PBXFileReference; lastKnownFileType = sourcecode.swift; path = FindPasswordViewController.swift; sourceTree = "<group>"; };
		2F20E2CF2ADFD28900A943C7 /* ResetPasswordViewController.swift */ = {isa = PBXFileReference; lastKnownFileType = sourcecode.swift; path = ResetPasswordViewController.swift; sourceTree = "<group>"; };
		2F2406182AFA488700E52705 /* SetProfileViewController.swift */ = {isa = PBXFileReference; lastKnownFileType = sourcecode.swift; path = SetProfileViewController.swift; sourceTree = "<group>"; };
		2F24061C2AFA682A00E52705 /* CompleteSignUpViewController.swift */ = {isa = PBXFileReference; lastKnownFileType = sourcecode.swift; path = CompleteSignUpViewController.swift; sourceTree = "<group>"; };
		2F28E67C2A1DD9BA00021E72 /* Search.storyboard */ = {isa = PBXFileReference; lastKnownFileType = file.storyboard; path = Search.storyboard; sourceTree = "<group>"; };
		2F28E67E2A1DD9C700021E72 /* SearchViewController.swift */ = {isa = PBXFileReference; lastKnownFileType = sourcecode.swift; path = SearchViewController.swift; sourceTree = "<group>"; };
		2F28E6802A1DDA4300021E72 /* StudyRoomViewController.swift */ = {isa = PBXFileReference; lastKnownFileType = sourcecode.swift; path = StudyRoomViewController.swift; sourceTree = "<group>"; };
		2F28E6822A1DDA5F00021E72 /* StudyRoom.storyboard */ = {isa = PBXFileReference; lastKnownFileType = file.storyboard; path = StudyRoom.storyboard; sourceTree = "<group>"; };
		2F2B3E222A1DBE52008B0506 /* TabMenuViewController.swift */ = {isa = PBXFileReference; lastKnownFileType = sourcecode.swift; path = TabMenuViewController.swift; sourceTree = "<group>"; };
		2F2B3E242A1DBE74008B0506 /* TabMenu.storyboard */ = {isa = PBXFileReference; lastKnownFileType = file.storyboard; path = TabMenu.storyboard; sourceTree = "<group>"; };
		2F2D15D92ABC4C5A00ECBD5D /* StudyDetailModel.swift */ = {isa = PBXFileReference; lastKnownFileType = sourcecode.swift; path = StudyDetailModel.swift; sourceTree = "<group>"; };
		2F37F4C52ADEBE2B005BB63A /* CustomView.storyboard */ = {isa = PBXFileReference; lastKnownFileType = file.storyboard; path = CustomView.storyboard; sourceTree = "<group>"; };
		2F37F4C72ADEBE9B005BB63A /* PopUpActionViewController.swift */ = {isa = PBXFileReference; lastKnownFileType = sourcecode.swift; path = PopUpActionViewController.swift; sourceTree = "<group>"; };
		2F461FF02AF9096200870073 /* KeyChain.swift */ = {isa = PBXFileReference; lastKnownFileType = sourcecode.swift; path = KeyChain.swift; sourceTree = "<group>"; };
		2F5BA7612A9B278200E9A444 /* RecentSearchLayout.swift */ = {isa = PBXFileReference; lastKnownFileType = sourcecode.swift; path = RecentSearchLayout.swift; sourceTree = "<group>"; };
		2F8270DF2A8F7B9100CE7BE1 /* StudyListViewController.swift */ = {isa = PBXFileReference; lastKnownFileType = sourcecode.swift; path = StudyListViewController.swift; sourceTree = "<group>"; };
		2F8270E12A8F7EEB00CE7BE1 /* StudyListModel.swift */ = {isa = PBXFileReference; lastKnownFileType = sourcecode.swift; path = StudyListModel.swift; sourceTree = "<group>"; };
		2F8270E52A8F808000CE7BE1 /* StudyListCollectionViewCell.swift */ = {isa = PBXFileReference; lastKnownFileType = sourcecode.swift; path = StudyListCollectionViewCell.swift; sourceTree = "<group>"; };
		2F928D132AFDF54400DE96C7 /* StudyTypeViewController.swift */ = {isa = PBXFileReference; lastKnownFileType = sourcecode.swift; path = StudyTypeViewController.swift; sourceTree = "<group>"; };
		2F97C2622B0216960013BC93 /* SetProfileAPI.swift */ = {isa = PBXFileReference; lastKnownFileType = sourcecode.swift; path = SetProfileAPI.swift; sourceTree = "<group>"; };
		2F97C2682B0224580013BC93 /* AddTodoPostAPI.swift */ = {isa = PBXFileReference; lastKnownFileType = sourcecode.swift; path = AddTodoPostAPI.swift; sourceTree = "<group>"; };
		2F9DAF522A3222A5007CA960 /* StudyDetailViewController.swift */ = {isa = PBXFileReference; lastKnownFileType = sourcecode.swift; path = StudyDetailViewController.swift; sourceTree = "<group>"; };
		2F9DAF542A3222B9007CA960 /* Study.storyboard */ = {isa = PBXFileReference; lastKnownFileType = file.storyboard; path = Study.storyboard; sourceTree = "<group>"; };
		2FA142722A149024006AA91B /* MOS.app */ = {isa = PBXFileReference; explicitFileType = wrapper.application; includeInIndex = 0; path = MOS.app; sourceTree = BUILT_PRODUCTS_DIR; };
		2FA142752A149024006AA91B /* AppDelegate.swift */ = {isa = PBXFileReference; lastKnownFileType = sourcecode.swift; path = AppDelegate.swift; sourceTree = "<group>"; };
		2FA142772A149024006AA91B /* SceneDelegate.swift */ = {isa = PBXFileReference; lastKnownFileType = sourcecode.swift; path = SceneDelegate.swift; sourceTree = "<group>"; };
		2FA142792A149024006AA91B /* ViewController.swift */ = {isa = PBXFileReference; lastKnownFileType = sourcecode.swift; path = ViewController.swift; sourceTree = "<group>"; };
		2FA1427C2A149024006AA91B /* Base */ = {isa = PBXFileReference; lastKnownFileType = file.storyboard; name = Base; path = Base.lproj/Main.storyboard; sourceTree = "<group>"; };
		2FA142812A149026006AA91B /* Base */ = {isa = PBXFileReference; lastKnownFileType = file.storyboard; name = Base; path = Base.lproj/LaunchScreen.storyboard; sourceTree = "<group>"; };
		2FA142832A149026006AA91B /* Info.plist */ = {isa = PBXFileReference; lastKnownFileType = text.plist.xml; path = Info.plist; sourceTree = "<group>"; };
		2FB095852A2631910035FB78 /* DeviceGroup.swift */ = {isa = PBXFileReference; lastKnownFileType = sourcecode.swift; path = DeviceGroup.swift; sourceTree = "<group>"; };
		2FC144842AC8067400A642AD /* StudyBasicInfoViewController.swift */ = {isa = PBXFileReference; lastKnownFileType = sourcecode.swift; path = StudyBasicInfoViewController.swift; sourceTree = "<group>"; };
		2FC177B02AD7DB2000873B50 /* SignUp.storyboard */ = {isa = PBXFileReference; lastKnownFileType = file.storyboard; path = SignUp.storyboard; sourceTree = "<group>"; };
		2FC177B22AD7DB5500873B50 /* SignUpViewController.swift */ = {isa = PBXFileReference; lastKnownFileType = sourcecode.swift; path = SignUpViewController.swift; sourceTree = "<group>"; };
		2FC514042AF36C3900C7C7AD /* LoginPostAPI.swift */ = {isa = PBXFileReference; lastKnownFileType = sourcecode.swift; path = LoginPostAPI.swift; sourceTree = "<group>"; };
		2FD24DA72A24F73B000747D7 /* SearchResultViewController.swift */ = {isa = PBXFileReference; lastKnownFileType = sourcecode.swift; path = SearchResultViewController.swift; sourceTree = "<group>"; };
		2FD8EF942ABC5C7F002A6F3B /* StudyOutlineViewController.swift */ = {isa = PBXFileReference; lastKnownFileType = sourcecode.swift; path = StudyOutlineViewController.swift; sourceTree = "<group>"; };
		2FDDEEA72AB2BDBC00080BF5 /* ko */ = {isa = PBXFileReference; lastKnownFileType = text.plist.strings; name = ko; path = ko.lproj/Main.strings; sourceTree = "<group>"; };
		2FDDEEA82AB2BDBD00080BF5 /* ko */ = {isa = PBXFileReference; lastKnownFileType = text.plist.strings; name = ko; path = ko.lproj/LaunchScreen.strings; sourceTree = "<group>"; };
		2FF25FDF2A98D181004EA0F5 /* RecentSearchCollectionViewCell.swift */ = {isa = PBXFileReference; lastKnownFileType = sourcecode.swift; path = RecentSearchCollectionViewCell.swift; sourceTree = "<group>"; };
		5A2646652AEA39AB00B4CE31 /* APIConstants.swift */ = {isa = PBXFileReference; fileEncoding = 4; lastKnownFileType = sourcecode.swift; path = APIConstants.swift; sourceTree = "<group>"; };
		5A3538782B05C21F00D900C5 /* UIColor.swift */ = {isa = PBXFileReference; fileEncoding = 4; lastKnownFileType = sourcecode.swift; path = UIColor.swift; sourceTree = "<group>"; };
		5A3538792B05C21F00D900C5 /* RoundedProgressView.swift */ = {isa = PBXFileReference; fileEncoding = 4; lastKnownFileType = sourcecode.swift; path = RoundedProgressView.swift; sourceTree = "<group>"; };
		5A35387B2B05C21F00D900C5 /* SurveyResultVC.swift */ = {isa = PBXFileReference; fileEncoding = 4; lastKnownFileType = sourcecode.swift; path = SurveyResultVC.swift; sourceTree = "<group>"; };
		5A35387C2B05C21F00D900C5 /* SurveyStartVC.swift */ = {isa = PBXFileReference; fileEncoding = 4; lastKnownFileType = sourcecode.swift; path = SurveyStartVC.swift; sourceTree = "<group>"; };
		5A35387D2B05C21F00D900C5 /* SurveyVC.swift */ = {isa = PBXFileReference; fileEncoding = 4; lastKnownFileType = sourcecode.swift; path = SurveyVC.swift; sourceTree = "<group>"; };
		5A35387F2B05C21F00D900C5 /* Survey.storyboard */ = {isa = PBXFileReference; fileEncoding = 4; lastKnownFileType = file.storyboard; path = Survey.storyboard; sourceTree = "<group>"; };
		5A67766A2A1E1ECF00F1D3DB /* Assets.xcassets */ = {isa = PBXFileReference; lastKnownFileType = folder.assetcatalog; path = Assets.xcassets; sourceTree = "<group>"; };
		5A6776AD2A2269B600F1D3DB /* Pretendard-Bold.ttf */ = {isa = PBXFileReference; lastKnownFileType = file; path = "Pretendard-Bold.ttf"; sourceTree = "<group>"; };
		5A6776AE2A2269B600F1D3DB /* Pretendard-Medium.ttf */ = {isa = PBXFileReference; lastKnownFileType = file; path = "Pretendard-Medium.ttf"; sourceTree = "<group>"; };
		5A6776AF2A2269B600F1D3DB /* Pretendard-SemiBold.ttf */ = {isa = PBXFileReference; lastKnownFileType = file; path = "Pretendard-SemiBold.ttf"; sourceTree = "<group>"; };
		5A6776B02A2269B600F1D3DB /* Pretendard-ExtraBold.ttf */ = {isa = PBXFileReference; lastKnownFileType = file; path = "Pretendard-ExtraBold.ttf"; sourceTree = "<group>"; };
		5A6776B12A2269B600F1D3DB /* Pretendard-Regular.ttf */ = {isa = PBXFileReference; lastKnownFileType = file; path = "Pretendard-Regular.ttf"; sourceTree = "<group>"; };
		5A6776B22A2269B600F1D3DB /* Pretendard-Thin.ttf */ = {isa = PBXFileReference; lastKnownFileType = file; path = "Pretendard-Thin.ttf"; sourceTree = "<group>"; };
		5A6776B32A2269B600F1D3DB /* Pretendard-ExtraLight.ttf */ = {isa = PBXFileReference; lastKnownFileType = file; path = "Pretendard-ExtraLight.ttf"; sourceTree = "<group>"; };
		5A6776B42A2269B600F1D3DB /* Pretendard-Light.ttf */ = {isa = PBXFileReference; lastKnownFileType = file; path = "Pretendard-Light.ttf"; sourceTree = "<group>"; };
		5A6776B52A2269B600F1D3DB /* Pretendard-Black.ttf */ = {isa = PBXFileReference; lastKnownFileType = file; path = "Pretendard-Black.ttf"; sourceTree = "<group>"; };
		5A6776C02A2269DA00F1D3DB /* survey_character.png */ = {isa = PBXFileReference; lastKnownFileType = image.png; path = survey_character.png; sourceTree = "<group>"; };
		5A8BF2152AF35BBC00C58D45 /* SignUpPostAPI.swift */ = {isa = PBXFileReference; lastKnownFileType = sourcecode.swift; path = SignUpPostAPI.swift; sourceTree = "<group>"; };
		5AD2E7272B0286A800A9437B /* MypageGetAPI.swift */ = {isa = PBXFileReference; fileEncoding = 4; lastKnownFileType = sourcecode.swift; path = MypageGetAPI.swift; sourceTree = "<group>"; };
		5AD2E7292B0286A800A9437B /* ApprovalDetailVC.swift */ = {isa = PBXFileReference; fileEncoding = 4; lastKnownFileType = sourcecode.swift; path = ApprovalDetailVC.swift; sourceTree = "<group>"; };
		5AD2E72A2B0286A800A9437B /* MyPageViewController.swift */ = {isa = PBXFileReference; fileEncoding = 4; lastKnownFileType = sourcecode.swift; path = MyPageViewController.swift; sourceTree = "<group>"; };
		5AD2E72C2B0286A800A9437B /* MyPage.storyboard */ = {isa = PBXFileReference; fileEncoding = 4; lastKnownFileType = file.storyboard; path = MyPage.storyboard; sourceTree = "<group>"; };
		5AD2E7362B02964E00A9437B /* RecruitingStudyGetAPI.swift */ = {isa = PBXFileReference; fileEncoding = 4; lastKnownFileType = sourcecode.swift; path = RecruitingStudyGetAPI.swift; sourceTree = "<group>"; };
		5AD2E7382B02964E00A9437B /* PagingViewController.swift */ = {isa = PBXFileReference; fileEncoding = 4; lastKnownFileType = sourcecode.swift; path = PagingViewController.swift; sourceTree = "<group>"; };
		5AD2E7392B02964E00A9437B /* StudyInputView.swift */ = {isa = PBXFileReference; fileEncoding = 4; lastKnownFileType = sourcecode.swift; path = StudyInputView.swift; sourceTree = "<group>"; };
		5AD2E73A2B02964E00A9437B /* PersonnelAptitudeViewController.swift */ = {isa = PBXFileReference; fileEncoding = 4; lastKnownFileType = sourcecode.swift; path = PersonnelAptitudeViewController.swift; sourceTree = "<group>"; };
		5AD2E73B2B02964E00A9437B /* currentEventViewController.swift */ = {isa = PBXFileReference; fileEncoding = 4; lastKnownFileType = sourcecode.swift; path = currentEventViewController.swift; sourceTree = "<group>"; };
		5AD2E73C2B02964E00A9437B /* HomeViewController.swift */ = {isa = PBXFileReference; fileEncoding = 4; lastKnownFileType = sourcecode.swift; path = HomeViewController.swift; sourceTree = "<group>"; };
		5AD2E73D2B02964E00A9437B /* AnalysisViewController.swift */ = {isa = PBXFileReference; fileEncoding = 4; lastKnownFileType = sourcecode.swift; path = AnalysisViewController.swift; sourceTree = "<group>"; };
		5AD2E73E2B02964E00A9437B /* InterviewViewController.swift */ = {isa = PBXFileReference; fileEncoding = 4; lastKnownFileType = sourcecode.swift; path = InterviewViewController.swift; sourceTree = "<group>"; };
		5AD2E73F2B02964E00A9437B /* AllViewController.swift */ = {isa = PBXFileReference; fileEncoding = 4; lastKnownFileType = sourcecode.swift; path = AllViewController.swift; sourceTree = "<group>"; };
		5AD2E7402B02964E00A9437B /* LanguageViewController.swift */ = {isa = PBXFileReference; fileEncoding = 4; lastKnownFileType = sourcecode.swift; path = LanguageViewController.swift; sourceTree = "<group>"; };
		5AD2E7412B02964E00A9437B /* SelfIntroductionViewController.swift */ = {isa = PBXFileReference; fileEncoding = 4; lastKnownFileType = sourcecode.swift; path = SelfIntroductionViewController.swift; sourceTree = "<group>"; };
		5AD2E7432B02964E00A9437B /* Home.storyboard */ = {isa = PBXFileReference; fileEncoding = 4; lastKnownFileType = file.storyboard; path = Home.storyboard; sourceTree = "<group>"; };
		5AD2E7442B02964E00A9437B /* StudyInputView.xib */ = {isa = PBXFileReference; fileEncoding = 4; lastKnownFileType = file.xib; path = StudyInputView.xib; sourceTree = "<group>"; };
		5AD2E79A2B02A8AE00A9437B /* CreateStudyPostAPI.swift */ = {isa = PBXFileReference; fileEncoding = 4; lastKnownFileType = sourcecode.swift; path = CreateStudyPostAPI.swift; sourceTree = "<group>"; };
		5AD2E79C2B02A8AE00A9437B /* IntroPopUp.swift */ = {isa = PBXFileReference; fileEncoding = 4; lastKnownFileType = sourcecode.swift; path = IntroPopUp.swift; sourceTree = "<group>"; };
		5AD2E79D2B02A8AE00A9437B /* DetailInfoVC.swift */ = {isa = PBXFileReference; fileEncoding = 4; lastKnownFileType = sourcecode.swift; path = DetailInfoVC.swift; sourceTree = "<group>"; };
		5AD2E79E2B02A8AE00A9437B /* ChooseCategoryVC.swift */ = {isa = PBXFileReference; fileEncoding = 4; lastKnownFileType = sourcecode.swift; path = ChooseCategoryVC.swift; sourceTree = "<group>"; };
		5AD2E79F2B02A8AE00A9437B /* BasicInfoVC.swift */ = {isa = PBXFileReference; fileEncoding = 4; lastKnownFileType = sourcecode.swift; path = BasicInfoVC.swift; sourceTree = "<group>"; };
		5AD2E7A02B02A8AE00A9437B /* RegisterTodoVC.swift */ = {isa = PBXFileReference; fileEncoding = 4; lastKnownFileType = sourcecode.swift; path = RegisterTodoVC.swift; sourceTree = "<group>"; };
		5AD2E7A12B02A8AE00A9437B /* FinishVC.swift */ = {isa = PBXFileReference; fileEncoding = 4; lastKnownFileType = sourcecode.swift; path = FinishVC.swift; sourceTree = "<group>"; };
		5AD2E7A22B02A8AE00A9437B /* CheckTableViewCell.swift */ = {isa = PBXFileReference; fileEncoding = 4; lastKnownFileType = sourcecode.swift; path = CheckTableViewCell.swift; sourceTree = "<group>"; };
		5AD2E7A32B02A8AE00A9437B /* Todo.swift */ = {isa = PBXFileReference; fileEncoding = 4; lastKnownFileType = sourcecode.swift; path = Todo.swift; sourceTree = "<group>"; };
		5AD2E7A42B02A8AE00A9437B /* RulePopUp.swift */ = {isa = PBXFileReference; fileEncoding = 4; lastKnownFileType = sourcecode.swift; path = RulePopUp.swift; sourceTree = "<group>"; };
		5AD2E7A62B02A8AE00A9437B /* CreateStudy.storyboard */ = {isa = PBXFileReference; fileEncoding = 4; lastKnownFileType = file.storyboard; path = CreateStudy.storyboard; sourceTree = "<group>"; };
		5AD2E7A72B02A8AE00A9437B /* RulePopUp.xib */ = {isa = PBXFileReference; fileEncoding = 4; lastKnownFileType = file.xib; path = RulePopUp.xib; sourceTree = "<group>"; };
		5AD2E7A82B02A8AE00A9437B /* IntroPopUp.xib */ = {isa = PBXFileReference; fileEncoding = 4; lastKnownFileType = file.xib; path = IntroPopUp.xib; sourceTree = "<group>"; };
		5AD2E7B62B02B41700A9437B /* ProfileVC.swift */ = {isa = PBXFileReference; lastKnownFileType = sourcecode.swift; path = ProfileVC.swift; sourceTree = "<group>"; };
		5AD2E7B82B03545700A9437B /* MyStudyVC.swift */ = {isa = PBXFileReference; lastKnownFileType = sourcecode.swift; path = MyStudyVC.swift; sourceTree = "<group>"; };
		9F0823D3883FA48E77D1F2F6 /* Pods-MOS.release.xcconfig */ = {isa = PBXFileReference; includeInIndex = 1; lastKnownFileType = text.xcconfig; name = "Pods-MOS.release.xcconfig"; path = "Target Support Files/Pods-MOS/Pods-MOS.release.xcconfig"; sourceTree = "<group>"; };
		C8023C552FBAB477251468C8 /* Pods_MOS.framework */ = {isa = PBXFileReference; explicitFileType = wrapper.framework; includeInIndex = 0; path = Pods_MOS.framework; sourceTree = BUILT_PRODUCTS_DIR; };
		F304A13C2A41FDC90066036B /* StudyDetailInfoViewController.swift */ = {isa = PBXFileReference; lastKnownFileType = sourcecode.swift; path = StudyDetailInfoViewController.swift; sourceTree = "<group>"; };
		F304A13E2A4206240066036B /* StudyMemberInfoViewController.swift */ = {isa = PBXFileReference; lastKnownFileType = sourcecode.swift; path = StudyMemberInfoViewController.swift; sourceTree = "<group>"; };
		F304A1402A420FF90066036B /* StudyInfoTodoViewController.swift */ = {isa = PBXFileReference; lastKnownFileType = sourcecode.swift; path = StudyInfoTodoViewController.swift; sourceTree = "<group>"; };
		F33B43452A3B84BA00A5E781 /* StudyRecruitInfoViewController.swift */ = {isa = PBXFileReference; lastKnownFileType = sourcecode.swift; path = StudyRecruitInfoViewController.swift; sourceTree = "<group>"; };
		F3A7F9BB2A4219BC00AE1863 /* PreQuestionAlertViewController.swift */ = {isa = PBXFileReference; lastKnownFileType = sourcecode.swift; path = PreQuestionAlertViewController.swift; sourceTree = "<group>"; };
		F3A7F9BD2A421DC800AE1863 /* StudyRegisterViewController.swift */ = {isa = PBXFileReference; lastKnownFileType = sourcecode.swift; path = StudyRegisterViewController.swift; sourceTree = "<group>"; };
		F3A7F9BF2A422C4700AE1863 /* CompleteRegisterStudyViewController.swift */ = {isa = PBXFileReference; lastKnownFileType = sourcecode.swift; path = CompleteRegisterStudyViewController.swift; sourceTree = "<group>"; };
		FDBE30F43F34FDAD99EE86F2 /* Pods-MOS.debug.xcconfig */ = {isa = PBXFileReference; includeInIndex = 1; lastKnownFileType = text.xcconfig; name = "Pods-MOS.debug.xcconfig"; path = "Target Support Files/Pods-MOS/Pods-MOS.debug.xcconfig"; sourceTree = "<group>"; };
/* End PBXFileReference section */

/* Begin PBXFrameworksBuildPhase section */
		2FA1426F2A149024006AA91B /* Frameworks */ = {
			isa = PBXFrameworksBuildPhase;
			buildActionMask = 2147483647;
			files = (
				E6FE083ADFD94888B7BAA4B1 /* Pods_MOS.framework in Frameworks */,
			);
			runOnlyForDeploymentPostprocessing = 0;
		};
/* End PBXFrameworksBuildPhase section */

/* Begin PBXGroup section */
		2F20E2C62ADFD20E00A943C7 /* Login */ = {
			isa = PBXGroup;
			children = (
				2FC514012AF36BF200C7C7AD /* APIs */,
				2F20E2C72ADFD21E00A943C7 /* Views */,
				2F20E2C82ADFD22400A943C7 /* Controllers */,
			);
			path = Login;
			sourceTree = "<group>";
		};
		2F20E2C72ADFD21E00A943C7 /* Views */ = {
			isa = PBXGroup;
			children = (
				2F20E2C92ADFD24E00A943C7 /* Login.storyboard */,
			);
			path = Views;
			sourceTree = "<group>";
		};
		2F20E2C82ADFD22400A943C7 /* Controllers */ = {
			isa = PBXGroup;
			children = (
				2F20E2CB2ADFD26300A943C7 /* LoginViewController.swift */,
				2F20E2CD2ADFD27600A943C7 /* FindPasswordViewController.swift */,
				2F0BA3EB2AE0351E009D0353 /* TempPasswordViewController.swift */,
				2F20E2CF2ADFD28900A943C7 /* ResetPasswordViewController.swift */,
			);
			path = Controllers;
			sourceTree = "<group>";
		};
		2F37F4C42ADEBD7F005BB63A /* Components */ = {
			isa = PBXGroup;
			children = (
				2F37F4C52ADEBE2B005BB63A /* CustomView.storyboard */,
				2F37F4C72ADEBE9B005BB63A /* PopUpActionViewController.swift */,
			);
			path = Components;
			sourceTree = "<group>";
		};
		2F461FEF2AF9091E00870073 /* KeyChain */ = {
			isa = PBXGroup;
			children = (
				2F461FF02AF9096200870073 /* KeyChain.swift */,
			);
			path = KeyChain;
			sourceTree = "<group>";
		};
		2F553F5D2AD7BD15005FDEAB /* Search */ = {
			isa = PBXGroup;
			children = (
				2F553F5E2AD7BD86005FDEAB /* Views */,
				2F553F5F2AD7BD8E005FDEAB /* Controllers */,
			);
			path = Search;
			sourceTree = "<group>";
		};
		2F553F5E2AD7BD86005FDEAB /* Views */ = {
			isa = PBXGroup;
			children = (
				2F28E67C2A1DD9BA00021E72 /* Search.storyboard */,
			);
			path = Views;
			sourceTree = "<group>";
		};
		2F553F5F2AD7BD8E005FDEAB /* Controllers */ = {
			isa = PBXGroup;
			children = (
				2F28E67E2A1DD9C700021E72 /* SearchViewController.swift */,
				2FF25FDF2A98D181004EA0F5 /* RecentSearchCollectionViewCell.swift */,
				2F5BA7612A9B278200E9A444 /* RecentSearchLayout.swift */,
				2FD24DA72A24F73B000747D7 /* SearchResultViewController.swift */,
			);
			path = Controllers;
			sourceTree = "<group>";
		};
		2F707F312AE97FE300FB1F82 /* Network */ = {
			isa = PBXGroup;
			children = (
				5A2646652AEA39AB00B4CE31 /* APIConstants.swift */,
			);
			path = Network;
			sourceTree = "<group>";
		};
		2F97C2642B021B6E0013BC93 /* StudyRoom */ = {
			isa = PBXGroup;
			children = (
				2F97C2672B021B9E0013BC93 /* APIs */,
				2F97C2652B021B800013BC93 /* Views */,
				2F97C2662B021B860013BC93 /* Controllers */,
			);
			path = StudyRoom;
			sourceTree = "<group>";
		};
		2F97C2652B021B800013BC93 /* Views */ = {
			isa = PBXGroup;
			children = (
				2F28E6822A1DDA5F00021E72 /* StudyRoom.storyboard */,
			);
			path = Views;
			sourceTree = "<group>";
		};
		2F97C2662B021B860013BC93 /* Controllers */ = {
			isa = PBXGroup;
			children = (
				2F28E6802A1DDA4300021E72 /* StudyRoomViewController.swift */,
			);
			path = Controllers;
			sourceTree = "<group>";
		};
		2F97C2672B021B9E0013BC93 /* APIs */ = {
			isa = PBXGroup;
			children = (
				2F97C2682B0224580013BC93 /* AddTodoPostAPI.swift */,
			);
			path = APIs;
			sourceTree = "<group>";
		};
		2FA142692A149024006AA91B = {
			isa = PBXGroup;
			children = (
				2FA142742A149024006AA91B /* MOS */,
				2FA142732A149024006AA91B /* Products */,
				C35C3B6E0BF1EB72F67636F6 /* Pods */,
				7F51805F66C8A8191B140654 /* Frameworks */,
			);
			sourceTree = "<group>";
		};
		2FA142732A149024006AA91B /* Products */ = {
			isa = PBXGroup;
			children = (
				2FA142722A149024006AA91B /* MOS.app */,
			);
			name = Products;
			sourceTree = "<group>";
		};
		2FA142742A149024006AA91B /* MOS */ = {
			isa = PBXGroup;
			children = (
				5A3538762B05C21F00D900C5 /* Survey */,
				5AD2E7982B02A8AE00A9437B /* CreateStudy */,
				5AD2E7342B02964E00A9437B /* Home */,
				5AD2E7252B0286A800A9437B /* Mypage */,
				2F97C2642B021B6E0013BC93 /* StudyRoom */,
				5AC619942A17105600966219 /* Resources */,
				2FA142752A149024006AA91B /* AppDelegate.swift */,
				2FA142772A149024006AA91B /* SceneDelegate.swift */,
				2FA142792A149024006AA91B /* ViewController.swift */,
				2FA1427B2A149024006AA91B /* Main.storyboard */,
				2FA142802A149026006AA91B /* LaunchScreen.storyboard */,
				2FC177A92AD7D81A00873B50 /* Model */,
				2F37F4C42ADEBD7F005BB63A /* Components */,
				2FC177AA2AD7D83700873B50 /* Study */,
				5A67766A2A1E1ECF00F1D3DB /* Assets.xcassets */,
				2FA142832A149026006AA91B /* Info.plist */,
				2F2B3E242A1DBE74008B0506 /* TabMenu.storyboard */,
				2F2B3E222A1DBE52008B0506 /* TabMenuViewController.swift */,
				2F461FEF2AF9091E00870073 /* KeyChain */,
				2F20E2C62ADFD20E00A943C7 /* Login */,
				2FC177AD2AD7DAB000873B50 /* SignUp */,
				2F553F5D2AD7BD15005FDEAB /* Search */,
				2F707F312AE97FE300FB1F82 /* Network */,
				2FB095852A2631910035FB78 /* DeviceGroup.swift */,
				F3A7F9BB2A4219BC00AE1863 /* PreQuestionAlertViewController.swift */,
			);
			path = MOS;
			sourceTree = "<group>";
		};
		2FC177A82AD7D80500873B50 /* StudyDetail */ = {
			isa = PBXGroup;
			children = (
				2FC177AB2AD7D84700873B50 /* Views */,
				2FC177AC2AD7D86600873B50 /* Controllers */,
			);
			path = StudyDetail;
			sourceTree = "<group>";
		};
		2FC177A92AD7D81A00873B50 /* Model */ = {
			isa = PBXGroup;
			children = (
				2F8270E12A8F7EEB00CE7BE1 /* StudyListModel.swift */,
				2F2D15D92ABC4C5A00ECBD5D /* StudyDetailModel.swift */,
			);
			path = Model;
			sourceTree = "<group>";
		};
		2FC177AA2AD7D83700873B50 /* Study */ = {
			isa = PBXGroup;
			children = (
				2FC177A82AD7D80500873B50 /* StudyDetail */,
			);
			path = Study;
			sourceTree = "<group>";
		};
		2FC177AB2AD7D84700873B50 /* Views */ = {
			isa = PBXGroup;
			children = (
				2F9DAF542A3222B9007CA960 /* Study.storyboard */,
			);
			path = Views;
			sourceTree = "<group>";
		};
		2FC177AC2AD7D86600873B50 /* Controllers */ = {
			isa = PBXGroup;
			children = (
				2F8270DF2A8F7B9100CE7BE1 /* StudyListViewController.swift */,
				2F8270E52A8F808000CE7BE1 /* StudyListCollectionViewCell.swift */,
				2F9DAF522A3222A5007CA960 /* StudyDetailViewController.swift */,
				2FD8EF942ABC5C7F002A6F3B /* StudyOutlineViewController.swift */,
				F33B43452A3B84BA00A5E781 /* StudyRecruitInfoViewController.swift */,
				2FC144842AC8067400A642AD /* StudyBasicInfoViewController.swift */,
				F304A13C2A41FDC90066036B /* StudyDetailInfoViewController.swift */,
				F304A13E2A4206240066036B /* StudyMemberInfoViewController.swift */,
				F304A1402A420FF90066036B /* StudyInfoTodoViewController.swift */,
				F3A7F9BD2A421DC800AE1863 /* StudyRegisterViewController.swift */,
				F3A7F9BF2A422C4700AE1863 /* CompleteRegisterStudyViewController.swift */,
			);
			path = Controllers;
			sourceTree = "<group>";
		};
		2FC177AD2AD7DAB000873B50 /* SignUp */ = {
			isa = PBXGroup;
			children = (
				5A8BF2142AF35B8A00C58D45 /* APIs */,
				2FC177AE2AD7DACF00873B50 /* Views */,
				2FC177AF2AD7DAD500873B50 /* Controllers */,
			);
			path = SignUp;
			sourceTree = "<group>";
		};
		2FC177AE2AD7DACF00873B50 /* Views */ = {
			isa = PBXGroup;
			children = (
				2FC177B02AD7DB2000873B50 /* SignUp.storyboard */,
			);
			path = Views;
			sourceTree = "<group>";
		};
		2FC177AF2AD7DAD500873B50 /* Controllers */ = {
			isa = PBXGroup;
			children = (
				2FC177B22AD7DB5500873B50 /* SignUpViewController.swift */,
				2F2406182AFA488700E52705 /* SetProfileViewController.swift */,
				2F24061C2AFA682A00E52705 /* CompleteSignUpViewController.swift */,
				2F928D132AFDF54400DE96C7 /* StudyTypeViewController.swift */,
			);
			path = Controllers;
			sourceTree = "<group>";
		};
		2FC514012AF36BF200C7C7AD /* APIs */ = {
			isa = PBXGroup;
			children = (
				2FC514042AF36C3900C7C7AD /* LoginPostAPI.swift */,
			);
			path = APIs;
			sourceTree = "<group>";
		};
		5A3538762B05C21F00D900C5 /* Survey */ = {
			isa = PBXGroup;
			children = (
				5A3538772B05C21F00D900C5 /* Utilities */,
				5A35387A2B05C21F00D900C5 /* Controllers */,
				5A35387E2B05C21F00D900C5 /* Views */,
			);
			path = Survey;
			sourceTree = "<group>";
		};
		5A3538772B05C21F00D900C5 /* Utilities */ = {
			isa = PBXGroup;
			children = (
				5A3538782B05C21F00D900C5 /* UIColor.swift */,
				5A3538792B05C21F00D900C5 /* RoundedProgressView.swift */,
			);
			path = Utilities;
			sourceTree = "<group>";
		};
		5A35387A2B05C21F00D900C5 /* Controllers */ = {
			isa = PBXGroup;
			children = (
				5A35387B2B05C21F00D900C5 /* SurveyResultVC.swift */,
				5A35387C2B05C21F00D900C5 /* SurveyStartVC.swift */,
				5A35387D2B05C21F00D900C5 /* SurveyVC.swift */,
			);
			path = Controllers;
			sourceTree = "<group>";
		};
		5A35387E2B05C21F00D900C5 /* Views */ = {
			isa = PBXGroup;
			children = (
				5A35387F2B05C21F00D900C5 /* Survey.storyboard */,
			);
			path = Views;
			sourceTree = "<group>";
		};
		5A6776AC2A22699B00F1D3DB /* Font */ = {
			isa = PBXGroup;
			children = (
				5A6776B52A2269B600F1D3DB /* Pretendard-Black.ttf */,
				5A6776AD2A2269B600F1D3DB /* Pretendard-Bold.ttf */,
				5A6776B02A2269B600F1D3DB /* Pretendard-ExtraBold.ttf */,
				5A6776B32A2269B600F1D3DB /* Pretendard-ExtraLight.ttf */,
				5A6776B42A2269B600F1D3DB /* Pretendard-Light.ttf */,
				5A6776AE2A2269B600F1D3DB /* Pretendard-Medium.ttf */,
				5A6776B12A2269B600F1D3DB /* Pretendard-Regular.ttf */,
				5A6776AF2A2269B600F1D3DB /* Pretendard-SemiBold.ttf */,
				5A6776B22A2269B600F1D3DB /* Pretendard-Thin.ttf */,
			);
			path = Font;
			sourceTree = "<group>";
		};
		5A6776BF2A2269C100F1D3DB /* Images */ = {
			isa = PBXGroup;
			children = (
				5A6776C02A2269DA00F1D3DB /* survey_character.png */,
			);
			path = Images;
			sourceTree = "<group>";
		};
		5A8BF2142AF35B8A00C58D45 /* APIs */ = {
			isa = PBXGroup;
			children = (
				5A8BF2152AF35BBC00C58D45 /* SignUpPostAPI.swift */,
				2F97C2622B0216960013BC93 /* SetProfileAPI.swift */,
			);
			path = APIs;
			sourceTree = "<group>";
		};
		5AC619942A17105600966219 /* Resources */ = {
			isa = PBXGroup;
			children = (
				5A6776BF2A2269C100F1D3DB /* Images */,
				5A6776AC2A22699B00F1D3DB /* Font */,
			);
			path = Resources;
			sourceTree = "<group>";
		};
		5AD2E7252B0286A800A9437B /* Mypage */ = {
			isa = PBXGroup;
			children = (
				5AD2E7262B0286A800A9437B /* APIs */,
				5AD2E7282B0286A800A9437B /* Controllers */,
				5AD2E72B2B0286A800A9437B /* Views */,
			);
			path = Mypage;
			sourceTree = "<group>";
		};
		5AD2E7262B0286A800A9437B /* APIs */ = {
			isa = PBXGroup;
			children = (
				5AD2E7272B0286A800A9437B /* MypageGetAPI.swift */,
			);
			path = APIs;
			sourceTree = "<group>";
		};
		5AD2E7282B0286A800A9437B /* Controllers */ = {
			isa = PBXGroup;
			children = (
				5AD2E7292B0286A800A9437B /* ApprovalDetailVC.swift */,
				5AD2E72A2B0286A800A9437B /* MyPageViewController.swift */,
				5AD2E7B62B02B41700A9437B /* ProfileVC.swift */,
				5AD2E7B82B03545700A9437B /* MyStudyVC.swift */,
			);
			path = Controllers;
			sourceTree = "<group>";
		};
		5AD2E72B2B0286A800A9437B /* Views */ = {
			isa = PBXGroup;
			children = (
				5AD2E72C2B0286A800A9437B /* MyPage.storyboard */,
			);
			path = Views;
			sourceTree = "<group>";
		};
		5AD2E7342B02964E00A9437B /* Home */ = {
			isa = PBXGroup;
			children = (
				5AD2E7352B02964E00A9437B /* APIs */,
				5AD2E7372B02964E00A9437B /* Controllers */,
				5AD2E7422B02964E00A9437B /* Views */,
			);
			path = Home;
			sourceTree = "<group>";
		};
		5AD2E7352B02964E00A9437B /* APIs */ = {
			isa = PBXGroup;
			children = (
				5AD2E7362B02964E00A9437B /* RecruitingStudyGetAPI.swift */,
			);
			path = APIs;
			sourceTree = "<group>";
		};
		5AD2E7372B02964E00A9437B /* Controllers */ = {
			isa = PBXGroup;
			children = (
				5AD2E7382B02964E00A9437B /* PagingViewController.swift */,
				5AD2E7392B02964E00A9437B /* StudyInputView.swift */,
				5AD2E73A2B02964E00A9437B /* PersonnelAptitudeViewController.swift */,
				5AD2E73B2B02964E00A9437B /* currentEventViewController.swift */,
				5AD2E73C2B02964E00A9437B /* HomeViewController.swift */,
				5AD2E73D2B02964E00A9437B /* AnalysisViewController.swift */,
				5AD2E73E2B02964E00A9437B /* InterviewViewController.swift */,
				5AD2E73F2B02964E00A9437B /* AllViewController.swift */,
				5AD2E7402B02964E00A9437B /* LanguageViewController.swift */,
				5AD2E7412B02964E00A9437B /* SelfIntroductionViewController.swift */,
			);
			path = Controllers;
			sourceTree = "<group>";
		};
		5AD2E7422B02964E00A9437B /* Views */ = {
			isa = PBXGroup;
			children = (
				5AD2E7432B02964E00A9437B /* Home.storyboard */,
				5AD2E7442B02964E00A9437B /* StudyInputView.xib */,
			);
			path = Views;
			sourceTree = "<group>";
		};
		5AD2E7982B02A8AE00A9437B /* CreateStudy */ = {
			isa = PBXGroup;
			children = (
				5AD2E7992B02A8AE00A9437B /* APIs */,
				5AD2E79B2B02A8AE00A9437B /* Controllers */,
				5AD2E7A52B02A8AE00A9437B /* Views */,
			);
			path = CreateStudy;
			sourceTree = "<group>";
		};
		5AD2E7992B02A8AE00A9437B /* APIs */ = {
			isa = PBXGroup;
			children = (
				5AD2E79A2B02A8AE00A9437B /* CreateStudyPostAPI.swift */,
			);
			path = APIs;
			sourceTree = "<group>";
		};
		5AD2E79B2B02A8AE00A9437B /* Controllers */ = {
			isa = PBXGroup;
			children = (
				5AD2E79C2B02A8AE00A9437B /* IntroPopUp.swift */,
				5AD2E79D2B02A8AE00A9437B /* DetailInfoVC.swift */,
				5AD2E79E2B02A8AE00A9437B /* ChooseCategoryVC.swift */,
				5AD2E79F2B02A8AE00A9437B /* BasicInfoVC.swift */,
				5AD2E7A02B02A8AE00A9437B /* RegisterTodoVC.swift */,
				5AD2E7A12B02A8AE00A9437B /* FinishVC.swift */,
				5AD2E7A22B02A8AE00A9437B /* CheckTableViewCell.swift */,
				5AD2E7A32B02A8AE00A9437B /* Todo.swift */,
				5AD2E7A42B02A8AE00A9437B /* RulePopUp.swift */,
			);
			path = Controllers;
			sourceTree = "<group>";
		};
		5AD2E7A52B02A8AE00A9437B /* Views */ = {
			isa = PBXGroup;
			children = (
				5AD2E7A62B02A8AE00A9437B /* CreateStudy.storyboard */,
				5AD2E7A72B02A8AE00A9437B /* RulePopUp.xib */,
				5AD2E7A82B02A8AE00A9437B /* IntroPopUp.xib */,
			);
			path = Views;
			sourceTree = "<group>";
		};
		7F51805F66C8A8191B140654 /* Frameworks */ = {
			isa = PBXGroup;
			children = (
				C8023C552FBAB477251468C8 /* Pods_MOS.framework */,
			);
			name = Frameworks;
			sourceTree = "<group>";
		};
		C35C3B6E0BF1EB72F67636F6 /* Pods */ = {
			isa = PBXGroup;
			children = (
				FDBE30F43F34FDAD99EE86F2 /* Pods-MOS.debug.xcconfig */,
				9F0823D3883FA48E77D1F2F6 /* Pods-MOS.release.xcconfig */,
			);
			path = Pods;
			sourceTree = "<group>";
		};
/* End PBXGroup section */

/* Begin PBXNativeTarget section */
		2FA142712A149024006AA91B /* MOS */ = {
			isa = PBXNativeTarget;
			buildConfigurationList = 2FA142862A149026006AA91B /* Build configuration list for PBXNativeTarget "MOS" */;
			buildPhases = (
				C1631B277EDA096EEA35BFDB /* [CP] Check Pods Manifest.lock */,
				2FA1426E2A149024006AA91B /* Sources */,
				2FA1426F2A149024006AA91B /* Frameworks */,
				2FA142702A149024006AA91B /* Resources */,
				1CD3C7AA9BEFBA21D954F106 /* [CP] Embed Pods Frameworks */,
			);
			buildRules = (
			);
			dependencies = (
			);
			name = MOS;
			productName = MOS;
			productReference = 2FA142722A149024006AA91B /* MOS.app */;
			productType = "com.apple.product-type.application";
		};
/* End PBXNativeTarget section */

/* Begin PBXProject section */
		2FA1426A2A149024006AA91B /* Project object */ = {
			isa = PBXProject;
			attributes = {
				BuildIndependentTargetsInParallel = 1;
				LastSwiftUpdateCheck = 1420;
				LastUpgradeCheck = 1420;
				TargetAttributes = {
					2FA142712A149024006AA91B = {
						CreatedOnToolsVersion = 14.2;
					};
				};
			};
			buildConfigurationList = 2FA1426D2A149024006AA91B /* Build configuration list for PBXProject "MOS" */;
			compatibilityVersion = "Xcode 14.0";
			developmentRegion = ko;
			hasScannedForEncodings = 0;
			knownRegions = (
				en,
				Base,
				ko,
			);
			mainGroup = 2FA142692A149024006AA91B;
			productRefGroup = 2FA142732A149024006AA91B /* Products */;
			projectDirPath = "";
			projectRoot = "";
			targets = (
				2FA142712A149024006AA91B /* MOS */,
			);
		};
/* End PBXProject section */

/* Begin PBXResourcesBuildPhase section */
		2FA142702A149024006AA91B /* Resources */ = {
			isa = PBXResourcesBuildPhase;
			buildActionMask = 2147483647;
			files = (
				5A6776BC2A2269B600F1D3DB /* Pretendard-ExtraLight.ttf in Resources */,
				5A6776BB2A2269B600F1D3DB /* Pretendard-Thin.ttf in Resources */,
				5AD2E7B32B02A8AE00A9437B /* CreateStudy.storyboard in Resources */,
				5A67766B2A1E1ECF00F1D3DB /* Assets.xcassets in Resources */,
				2F37F4C62ADEBE2B005BB63A /* CustomView.storyboard in Resources */,
				5A6776BA2A2269B600F1D3DB /* Pretendard-Regular.ttf in Resources */,
				5A3538852B05C21F00D900C5 /* Survey.storyboard in Resources */,
				2FA142822A149026006AA91B /* LaunchScreen.storyboard in Resources */,
				5AD2E7B52B02A8AE00A9437B /* IntroPopUp.xib in Resources */,
				5AD2E7B42B02A8AE00A9437B /* RulePopUp.xib in Resources */,
				2FA142822A149026006AA91B /* LaunchScreen.storyboard in Resources */,
				5A6776B62A2269B600F1D3DB /* Pretendard-Bold.ttf in Resources */,
				5AD2E7302B0286A800A9437B /* MyPage.storyboard in Resources */,
				2F28E6832A1DDA5F00021E72 /* StudyRoom.storyboard in Resources */,
				2F20E2CA2ADFD24E00A943C7 /* Login.storyboard in Resources */,
				2F2B3E252A1DBE74008B0506 /* TabMenu.storyboard in Resources */,
				5A6776BE2A2269B600F1D3DB /* Pretendard-Black.ttf in Resources */,
				2FC177B12AD7DB2000873B50 /* SignUp.storyboard in Resources */,
				2F28E67D2A1DD9BA00021E72 /* Search.storyboard in Resources */,
				5AD2E7512B02964E00A9437B /* StudyInputView.xib in Resources */,
				2F9DAF552A3222B9007CA960 /* Study.storyboard in Resources */,
				5A6776B82A2269B600F1D3DB /* Pretendard-SemiBold.ttf in Resources */,
				5A6776B72A2269B600F1D3DB /* Pretendard-Medium.ttf in Resources */,
				2FA1427D2A149024006AA91B /* Main.storyboard in Resources */,
				5A6776BD2A2269B600F1D3DB /* Pretendard-Light.ttf in Resources */,
				5A6776B92A2269B600F1D3DB /* Pretendard-ExtraBold.ttf in Resources */,
				5AD2E7502B02964E00A9437B /* Home.storyboard in Resources */,
				5A6776C12A2269DA00F1D3DB /* survey_character.png in Resources */,
			);
			runOnlyForDeploymentPostprocessing = 0;
		};
/* End PBXResourcesBuildPhase section */

/* Begin PBXShellScriptBuildPhase section */
		1CD3C7AA9BEFBA21D954F106 /* [CP] Embed Pods Frameworks */ = {
			isa = PBXShellScriptBuildPhase;
			buildActionMask = 2147483647;
			files = (
			);
			inputFileListPaths = (
				"${PODS_ROOT}/Target Support Files/Pods-MOS/Pods-MOS-frameworks-${CONFIGURATION}-input-files.xcfilelist",
			);
			name = "[CP] Embed Pods Frameworks";
			outputFileListPaths = (
				"${PODS_ROOT}/Target Support Files/Pods-MOS/Pods-MOS-frameworks-${CONFIGURATION}-output-files.xcfilelist",
			);
			runOnlyForDeploymentPostprocessing = 0;
			shellPath = /bin/sh;
			shellScript = "\"${PODS_ROOT}/Target Support Files/Pods-MOS/Pods-MOS-frameworks.sh\"\n";
			showEnvVarsInLog = 0;
		};
		C1631B277EDA096EEA35BFDB /* [CP] Check Pods Manifest.lock */ = {
			isa = PBXShellScriptBuildPhase;
			buildActionMask = 2147483647;
			files = (
			);
			inputFileListPaths = (
			);
			inputPaths = (
				"${PODS_PODFILE_DIR_PATH}/Podfile.lock",
				"${PODS_ROOT}/Manifest.lock",
			);
			name = "[CP] Check Pods Manifest.lock";
			outputFileListPaths = (
			);
			outputPaths = (
				"$(DERIVED_FILE_DIR)/Pods-MOS-checkManifestLockResult.txt",
			);
			runOnlyForDeploymentPostprocessing = 0;
			shellPath = /bin/sh;
			shellScript = "diff \"${PODS_PODFILE_DIR_PATH}/Podfile.lock\" \"${PODS_ROOT}/Manifest.lock\" > /dev/null\nif [ $? != 0 ] ; then\n    # print error to STDERR\n    echo \"error: The sandbox is not in sync with the Podfile.lock. Run 'pod install' or update your CocoaPods installation.\" >&2\n    exit 1\nfi\n# This output is used by Xcode 'outputs' to avoid re-running this script phase.\necho \"SUCCESS\" > \"${SCRIPT_OUTPUT_FILE_0}\"\n";
			showEnvVarsInLog = 0;
		};
/* End PBXShellScriptBuildPhase section */

/* Begin PBXSourcesBuildPhase section */
		2FA1426E2A149024006AA91B /* Sources */ = {
			isa = PBXSourcesBuildPhase;
			buildActionMask = 2147483647;
			files = (
				5AD2E7B02B02A8AE00A9437B /* CheckTableViewCell.swift in Sources */,
				2F28E6812A1DDA4300021E72 /* StudyRoomViewController.swift in Sources */,
				2F8270E62A8F808000CE7BE1 /* StudyListCollectionViewCell.swift in Sources */,
				5AD2E7462B02964E00A9437B /* PagingViewController.swift in Sources */,
				5AD2E74F2B02964E00A9437B /* SelfIntroductionViewController.swift in Sources */,
				F33B43462A3B84BA00A5E781 /* StudyRecruitInfoViewController.swift in Sources */,
				2F97C2632B0216960013BC93 /* SetProfileAPI.swift in Sources */,
				5A3538802B05C21F00D900C5 /* UIColor.swift in Sources */,
				2F2D15DA2ABC4C5A00ECBD5D /* StudyDetailModel.swift in Sources */,
				5A3538822B05C21F00D900C5 /* SurveyResultVC.swift in Sources */,
				5A3538842B05C21F00D900C5 /* SurveyVC.swift in Sources */,
				2FF25FE02A98D181004EA0F5 /* RecentSearchCollectionViewCell.swift in Sources */,
				2F28E67F2A1DD9C700021E72 /* SearchViewController.swift in Sources */,
				5A8BF2162AF35BBC00C58D45 /* SignUpPostAPI.swift in Sources */,
				2F8270E22A8F7EEB00CE7BE1 /* StudyListModel.swift in Sources */,
				5AD2E7AB2B02A8AE00A9437B /* DetailInfoVC.swift in Sources */,
				5AD2E7AC2B02A8AE00A9437B /* ChooseCategoryVC.swift in Sources */,
				5AD2E74E2B02964E00A9437B /* LanguageViewController.swift in Sources */,
				5AD2E72F2B0286A800A9437B /* MyPageViewController.swift in Sources */,
				5AD2E7AF2B02A8AE00A9437B /* FinishVC.swift in Sources */,
				5AD2E74A2B02964E00A9437B /* HomeViewController.swift in Sources */,
				2FC144852AC8067400A642AD /* StudyBasicInfoViewController.swift in Sources */,
				2F2406192AFA488700E52705 /* SetProfileViewController.swift in Sources */,
				2F928D142AFDF54400DE96C7 /* StudyTypeViewController.swift in Sources */,
				2FA1427A2A149024006AA91B /* ViewController.swift in Sources */,
				5AD2E7B92B03545700A9437B /* MyStudyVC.swift in Sources */,
				2F9DAF532A3222A5007CA960 /* StudyDetailViewController.swift in Sources */,
				5AD2E7452B02964E00A9437B /* RecruitingStudyGetAPI.swift in Sources */,
				5AD2E72E2B0286A800A9437B /* ApprovalDetailVC.swift in Sources */,
				F304A13D2A41FDC90066036B /* StudyDetailInfoViewController.swift in Sources */,
				F3A7F9BE2A421DC800AE1863 /* StudyRegisterViewController.swift in Sources */,
				5A3538832B05C21F00D900C5 /* SurveyStartVC.swift in Sources */,
				2FC177B32AD7DB5500873B50 /* SignUpViewController.swift in Sources */,
				F3A7F9C02A422C4700AE1863 /* CompleteRegisterStudyViewController.swift in Sources */,
				2F2B3E232A1DBE52008B0506 /* TabMenuViewController.swift in Sources */,
				5AD2E7AA2B02A8AE00A9437B /* IntroPopUp.swift in Sources */,
				2FD8EF952ABC5C7F002A6F3B /* StudyOutlineViewController.swift in Sources */,
				2F20E2CE2ADFD27700A943C7 /* FindPasswordViewController.swift in Sources */,
				5AD2E7A92B02A8AE00A9437B /* CreateStudyPostAPI.swift in Sources */,
				5AD2E7B12B02A8AE00A9437B /* Todo.swift in Sources */,
				F304A13F2A4206240066036B /* StudyMemberInfoViewController.swift in Sources */,
				5AD2E7AE2B02A8AE00A9437B /* RegisterTodoVC.swift in Sources */,
				F3A7F9BC2A4219BC00AE1863 /* PreQuestionAlertViewController.swift in Sources */,
				2F8270E02A8F7B9100CE7BE1 /* StudyListViewController.swift in Sources */,
				5A3538812B05C21F00D900C5 /* RoundedProgressView.swift in Sources */,
				5AD2E7472B02964E00A9437B /* StudyInputView.swift in Sources */,
				2F0BA3EC2AE0351E009D0353 /* TempPasswordViewController.swift in Sources */,
				2F461FF12AF9096200870073 /* KeyChain.swift in Sources */,
				2FA142762A149024006AA91B /* AppDelegate.swift in Sources */,
				5A2646662AEA39AB00B4CE31 /* APIConstants.swift in Sources */,
				2FA142782A149024006AA91B /* SceneDelegate.swift in Sources */,
				5AD2E7AD2B02A8AE00A9437B /* BasicInfoVC.swift in Sources */,
				2F5BA7622A9B278200E9A444 /* RecentSearchLayout.swift in Sources */,
				5AD2E72D2B0286A800A9437B /* MypageGetAPI.swift in Sources */,
				2F37F4C82ADEBE9B005BB63A /* PopUpActionViewController.swift in Sources */,
				5AD2E74C2B02964E00A9437B /* InterviewViewController.swift in Sources */,
				5AD2E7B72B02B41700A9437B /* ProfileVC.swift in Sources */,
				2FB095862A2631910035FB78 /* DeviceGroup.swift in Sources */,
				F304A1412A420FF90066036B /* StudyInfoTodoViewController.swift in Sources */,
				2F20E2CC2ADFD26300A943C7 /* LoginViewController.swift in Sources */,
				5AD2E7492B02964E00A9437B /* currentEventViewController.swift in Sources */,
				2FD24DA82A24F73B000747D7 /* SearchResultViewController.swift in Sources */,
				2FC514052AF36C3900C7C7AD /* LoginPostAPI.swift in Sources */,
				2F24061D2AFA682A00E52705 /* CompleteSignUpViewController.swift in Sources */,
				5AD2E7B22B02A8AE00A9437B /* RulePopUp.swift in Sources */,
				5AD2E74B2B02964E00A9437B /* AnalysisViewController.swift in Sources */,
				5AD2E7482B02964E00A9437B /* PersonnelAptitudeViewController.swift in Sources */,
				5AD2E74D2B02964E00A9437B /* AllViewController.swift in Sources */,
				2F97C2692B0224580013BC93 /* AddTodoPostAPI.swift in Sources */,
				2F20E2D02ADFD28900A943C7 /* ResetPasswordViewController.swift in Sources */,
			);
			runOnlyForDeploymentPostprocessing = 0;
		};
/* End PBXSourcesBuildPhase section */

/* Begin PBXVariantGroup section */
		2FA1427B2A149024006AA91B /* Main.storyboard */ = {
			isa = PBXVariantGroup;
			children = (
				2FA1427C2A149024006AA91B /* Base */,
				2FDDEEA72AB2BDBC00080BF5 /* ko */,
			);
			name = Main.storyboard;
			sourceTree = "<group>";
		};
		2FA142802A149026006AA91B /* LaunchScreen.storyboard */ = {
			isa = PBXVariantGroup;
			children = (
				2FA142812A149026006AA91B /* Base */,
				2FDDEEA82AB2BDBD00080BF5 /* ko */,
			);
			name = LaunchScreen.storyboard;
			sourceTree = "<group>";
		};
/* End PBXVariantGroup section */

/* Begin XCBuildConfiguration section */
		2FA142842A149026006AA91B /* Debug */ = {
			isa = XCBuildConfiguration;
			buildSettings = {
				ALWAYS_SEARCH_USER_PATHS = NO;
				CLANG_ANALYZER_LOCALIZABILITY_NONLOCALIZED = YES;
				CLANG_ANALYZER_NONNULL = YES;
				CLANG_ANALYZER_NUMBER_OBJECT_CONVERSION = YES_AGGRESSIVE;
				CLANG_CXX_LANGUAGE_STANDARD = "gnu++20";
				CLANG_ENABLE_MODULES = YES;
				CLANG_ENABLE_OBJC_ARC = YES;
				CLANG_ENABLE_OBJC_WEAK = YES;
				CLANG_WARN_BLOCK_CAPTURE_AUTORELEASING = YES;
				CLANG_WARN_BOOL_CONVERSION = YES;
				CLANG_WARN_COMMA = YES;
				CLANG_WARN_CONSTANT_CONVERSION = YES;
				CLANG_WARN_DEPRECATED_OBJC_IMPLEMENTATIONS = YES;
				CLANG_WARN_DIRECT_OBJC_ISA_USAGE = YES_ERROR;
				CLANG_WARN_DOCUMENTATION_COMMENTS = YES;
				CLANG_WARN_EMPTY_BODY = YES;
				CLANG_WARN_ENUM_CONVERSION = YES;
				CLANG_WARN_INFINITE_RECURSION = YES;
				CLANG_WARN_INT_CONVERSION = YES;
				CLANG_WARN_NON_LITERAL_NULL_CONVERSION = YES;
				CLANG_WARN_OBJC_IMPLICIT_RETAIN_SELF = YES;
				CLANG_WARN_OBJC_LITERAL_CONVERSION = YES;
				CLANG_WARN_OBJC_ROOT_CLASS = YES_ERROR;
				CLANG_WARN_QUOTED_INCLUDE_IN_FRAMEWORK_HEADER = YES;
				CLANG_WARN_RANGE_LOOP_ANALYSIS = YES;
				CLANG_WARN_STRICT_PROTOTYPES = YES;
				CLANG_WARN_SUSPICIOUS_MOVE = YES;
				CLANG_WARN_UNGUARDED_AVAILABILITY = YES_AGGRESSIVE;
				CLANG_WARN_UNREACHABLE_CODE = YES;
				CLANG_WARN__DUPLICATE_METHOD_MATCH = YES;
				COPY_PHASE_STRIP = NO;
				DEBUG_INFORMATION_FORMAT = dwarf;
				ENABLE_STRICT_OBJC_MSGSEND = YES;
				ENABLE_TESTABILITY = YES;
				GCC_C_LANGUAGE_STANDARD = gnu11;
				GCC_DYNAMIC_NO_PIC = NO;
				GCC_NO_COMMON_BLOCKS = YES;
				GCC_OPTIMIZATION_LEVEL = 0;
				GCC_PREPROCESSOR_DEFINITIONS = (
					"DEBUG=1",
					"$(inherited)",
				);
				GCC_WARN_64_TO_32_BIT_CONVERSION = YES;
				GCC_WARN_ABOUT_RETURN_TYPE = YES_ERROR;
				GCC_WARN_UNDECLARED_SELECTOR = YES;
				GCC_WARN_UNINITIALIZED_AUTOS = YES_AGGRESSIVE;
				GCC_WARN_UNUSED_FUNCTION = YES;
				GCC_WARN_UNUSED_VARIABLE = YES;
				IPHONEOS_DEPLOYMENT_TARGET = 16.2;
				MTL_ENABLE_DEBUG_INFO = INCLUDE_SOURCE;
				MTL_FAST_MATH = YES;
				ONLY_ACTIVE_ARCH = YES;
				SDKROOT = iphoneos;
				SWIFT_ACTIVE_COMPILATION_CONDITIONS = DEBUG;
				SWIFT_OPTIMIZATION_LEVEL = "-Onone";
			};
			name = Debug;
		};
		2FA142852A149026006AA91B /* Release */ = {
			isa = XCBuildConfiguration;
			buildSettings = {
				ALWAYS_SEARCH_USER_PATHS = NO;
				CLANG_ANALYZER_LOCALIZABILITY_NONLOCALIZED = YES;
				CLANG_ANALYZER_NONNULL = YES;
				CLANG_ANALYZER_NUMBER_OBJECT_CONVERSION = YES_AGGRESSIVE;
				CLANG_CXX_LANGUAGE_STANDARD = "gnu++20";
				CLANG_ENABLE_MODULES = YES;
				CLANG_ENABLE_OBJC_ARC = YES;
				CLANG_ENABLE_OBJC_WEAK = YES;
				CLANG_WARN_BLOCK_CAPTURE_AUTORELEASING = YES;
				CLANG_WARN_BOOL_CONVERSION = YES;
				CLANG_WARN_COMMA = YES;
				CLANG_WARN_CONSTANT_CONVERSION = YES;
				CLANG_WARN_DEPRECATED_OBJC_IMPLEMENTATIONS = YES;
				CLANG_WARN_DIRECT_OBJC_ISA_USAGE = YES_ERROR;
				CLANG_WARN_DOCUMENTATION_COMMENTS = YES;
				CLANG_WARN_EMPTY_BODY = YES;
				CLANG_WARN_ENUM_CONVERSION = YES;
				CLANG_WARN_INFINITE_RECURSION = YES;
				CLANG_WARN_INT_CONVERSION = YES;
				CLANG_WARN_NON_LITERAL_NULL_CONVERSION = YES;
				CLANG_WARN_OBJC_IMPLICIT_RETAIN_SELF = YES;
				CLANG_WARN_OBJC_LITERAL_CONVERSION = YES;
				CLANG_WARN_OBJC_ROOT_CLASS = YES_ERROR;
				CLANG_WARN_QUOTED_INCLUDE_IN_FRAMEWORK_HEADER = YES;
				CLANG_WARN_RANGE_LOOP_ANALYSIS = YES;
				CLANG_WARN_STRICT_PROTOTYPES = YES;
				CLANG_WARN_SUSPICIOUS_MOVE = YES;
				CLANG_WARN_UNGUARDED_AVAILABILITY = YES_AGGRESSIVE;
				CLANG_WARN_UNREACHABLE_CODE = YES;
				CLANG_WARN__DUPLICATE_METHOD_MATCH = YES;
				COPY_PHASE_STRIP = NO;
				DEBUG_INFORMATION_FORMAT = "dwarf-with-dsym";
				ENABLE_NS_ASSERTIONS = NO;
				ENABLE_STRICT_OBJC_MSGSEND = YES;
				GCC_C_LANGUAGE_STANDARD = gnu11;
				GCC_NO_COMMON_BLOCKS = YES;
				GCC_WARN_64_TO_32_BIT_CONVERSION = YES;
				GCC_WARN_ABOUT_RETURN_TYPE = YES_ERROR;
				GCC_WARN_UNDECLARED_SELECTOR = YES;
				GCC_WARN_UNINITIALIZED_AUTOS = YES_AGGRESSIVE;
				GCC_WARN_UNUSED_FUNCTION = YES;
				GCC_WARN_UNUSED_VARIABLE = YES;
				IPHONEOS_DEPLOYMENT_TARGET = 16.2;
				MTL_ENABLE_DEBUG_INFO = NO;
				MTL_FAST_MATH = YES;
				SDKROOT = iphoneos;
				SWIFT_COMPILATION_MODE = wholemodule;
				SWIFT_OPTIMIZATION_LEVEL = "-O";
				VALIDATE_PRODUCT = YES;
			};
			name = Release;
		};
		2FA142872A149026006AA91B /* Debug */ = {
			isa = XCBuildConfiguration;
			baseConfigurationReference = FDBE30F43F34FDAD99EE86F2 /* Pods-MOS.debug.xcconfig */;
			buildSettings = {
				ASSETCATALOG_COMPILER_APPICON_NAME = AppIcon;
				ASSETCATALOG_COMPILER_GLOBAL_ACCENT_COLOR_NAME = AccentColor;
				CODE_SIGN_STYLE = Automatic;
				CURRENT_PROJECT_VERSION = 1;
				DEVELOPMENT_TEAM = 76W6K6R528;
				GENERATE_INFOPLIST_FILE = YES;
				INFOPLIST_FILE = MOS/Info.plist;
				INFOPLIST_KEY_UIApplicationSupportsIndirectInputEvents = YES;
				INFOPLIST_KEY_UILaunchStoryboardName = LaunchScreen;
				INFOPLIST_KEY_UIMainStoryboardFile = Login;
				INFOPLIST_KEY_UISupportedInterfaceOrientations_iPad = "UIInterfaceOrientationPortrait UIInterfaceOrientationPortraitUpsideDown UIInterfaceOrientationLandscapeLeft UIInterfaceOrientationLandscapeRight";
				INFOPLIST_KEY_UISupportedInterfaceOrientations_iPhone = "UIInterfaceOrientationPortrait UIInterfaceOrientationLandscapeLeft UIInterfaceOrientationLandscapeRight";
				IPHONEOS_DEPLOYMENT_TARGET = 14.0;
				LD_RUNPATH_SEARCH_PATHS = (
					"$(inherited)",
					"@executable_path/Frameworks",
				);
				MARKETING_VERSION = 1.0;
				PRODUCT_BUNDLE_IDENTIFIER = mammoth.MOS;
				PRODUCT_NAME = "$(TARGET_NAME)";
				SUPPORTED_PLATFORMS = "iphoneos iphonesimulator";
				SUPPORTS_MACCATALYST = NO;
				SUPPORTS_MAC_DESIGNED_FOR_IPHONE_IPAD = NO;
				SWIFT_EMIT_LOC_STRINGS = YES;
				SWIFT_VERSION = 5.0;
				TARGETED_DEVICE_FAMILY = 1;
			};
			name = Debug;
		};
		2FA142882A149026006AA91B /* Release */ = {
			isa = XCBuildConfiguration;
			baseConfigurationReference = 9F0823D3883FA48E77D1F2F6 /* Pods-MOS.release.xcconfig */;
			buildSettings = {
				ASSETCATALOG_COMPILER_APPICON_NAME = AppIcon;
				ASSETCATALOG_COMPILER_GLOBAL_ACCENT_COLOR_NAME = AccentColor;
				CODE_SIGN_STYLE = Automatic;
				CURRENT_PROJECT_VERSION = 1;
				DEVELOPMENT_TEAM = 76W6K6R528;
				GENERATE_INFOPLIST_FILE = YES;
				INFOPLIST_FILE = MOS/Info.plist;
				INFOPLIST_KEY_UIApplicationSupportsIndirectInputEvents = YES;
				INFOPLIST_KEY_UILaunchStoryboardName = LaunchScreen;
				INFOPLIST_KEY_UIMainStoryboardFile = Login;
				INFOPLIST_KEY_UISupportedInterfaceOrientations_iPad = "UIInterfaceOrientationPortrait UIInterfaceOrientationPortraitUpsideDown UIInterfaceOrientationLandscapeLeft UIInterfaceOrientationLandscapeRight";
				INFOPLIST_KEY_UISupportedInterfaceOrientations_iPhone = "UIInterfaceOrientationPortrait UIInterfaceOrientationLandscapeLeft UIInterfaceOrientationLandscapeRight";
				IPHONEOS_DEPLOYMENT_TARGET = 14.0;
				LD_RUNPATH_SEARCH_PATHS = (
					"$(inherited)",
					"@executable_path/Frameworks",
				);
				MARKETING_VERSION = 1.0;
				PRODUCT_BUNDLE_IDENTIFIER = mammoth.MOS;
				PRODUCT_NAME = "$(TARGET_NAME)";
				SUPPORTED_PLATFORMS = "iphoneos iphonesimulator";
				SUPPORTS_MACCATALYST = NO;
				SUPPORTS_MAC_DESIGNED_FOR_IPHONE_IPAD = NO;
				SWIFT_EMIT_LOC_STRINGS = YES;
				SWIFT_VERSION = 5.0;
				TARGETED_DEVICE_FAMILY = 1;
			};
			name = Release;
		};
/* End XCBuildConfiguration section */

/* Begin XCConfigurationList section */
		2FA1426D2A149024006AA91B /* Build configuration list for PBXProject "MOS" */ = {
			isa = XCConfigurationList;
			buildConfigurations = (
				2FA142842A149026006AA91B /* Debug */,
				2FA142852A149026006AA91B /* Release */,
			);
			defaultConfigurationIsVisible = 0;
			defaultConfigurationName = Release;
		};
		2FA142862A149026006AA91B /* Build configuration list for PBXNativeTarget "MOS" */ = {
			isa = XCConfigurationList;
			buildConfigurations = (
				2FA142872A149026006AA91B /* Debug */,
				2FA142882A149026006AA91B /* Release */,
			);
			defaultConfigurationIsVisible = 0;
			defaultConfigurationName = Release;
		};
/* End XCConfigurationList section */
	};
	rootObject = 2FA1426A2A149024006AA91B /* Project object */;
}
