// !$*UTF8*$!
{
	archiveVersion = 1;
	classes = {
	};
	objectVersion = 56;
	objects = {

/* Begin PBXBuildFile section */
		2F28E67D2A1DD9BA00021E72 /* Search.storyboard in Resources */ = {isa = PBXBuildFile; fileRef = 2F28E67C2A1DD9BA00021E72 /* Search.storyboard */; };
		2F28E67F2A1DD9C700021E72 /* SearchViewController.swift in Sources */ = {isa = PBXBuildFile; fileRef = 2F28E67E2A1DD9C700021E72 /* SearchViewController.swift */; };
		2F28E6812A1DDA4300021E72 /* StudyRoomViewController.swift in Sources */ = {isa = PBXBuildFile; fileRef = 2F28E6802A1DDA4300021E72 /* StudyRoomViewController.swift */; };
		2F28E6832A1DDA5F00021E72 /* StudyRoom.storyboard in Resources */ = {isa = PBXBuildFile; fileRef = 2F28E6822A1DDA5F00021E72 /* StudyRoom.storyboard */; };
		2F28E6852A1DDAD300021E72 /* MyPage.storyboard in Resources */ = {isa = PBXBuildFile; fileRef = 2F28E6842A1DDAD300021E72 /* MyPage.storyboard */; };
		2F28E6872A1DDADE00021E72 /* MyPageViewController.swift in Sources */ = {isa = PBXBuildFile; fileRef = 2F28E6862A1DDADE00021E72 /* MyPageViewController.swift */; };
		2F28E6892A1DDF9A00021E72 /* AddStudyViewController.swift in Sources */ = {isa = PBXBuildFile; fileRef = 2F28E6882A1DDF9900021E72 /* AddStudyViewController.swift */; };
		2F28E68B2A1DDFBE00021E72 /* AddStudy.storyboard in Resources */ = {isa = PBXBuildFile; fileRef = 2F28E68A2A1DDFBE00021E72 /* AddStudy.storyboard */; };
		2F2B3E232A1DBE52008B0506 /* TabMenuViewController.swift in Sources */ = {isa = PBXBuildFile; fileRef = 2F2B3E222A1DBE52008B0506 /* TabMenuViewController.swift */; };
		2F2B3E252A1DBE74008B0506 /* TabMenu.storyboard in Resources */ = {isa = PBXBuildFile; fileRef = 2F2B3E242A1DBE74008B0506 /* TabMenu.storyboard */; };
		2FA142762A149024006AA91B /* AppDelegate.swift in Sources */ = {isa = PBXBuildFile; fileRef = 2FA142752A149024006AA91B /* AppDelegate.swift */; };
		2FA142782A149024006AA91B /* SceneDelegate.swift in Sources */ = {isa = PBXBuildFile; fileRef = 2FA142772A149024006AA91B /* SceneDelegate.swift */; };
		2FA1427A2A149024006AA91B /* ViewController.swift in Sources */ = {isa = PBXBuildFile; fileRef = 2FA142792A149024006AA91B /* ViewController.swift */; };
		2FA1427D2A149024006AA91B /* Main.storyboard in Resources */ = {isa = PBXBuildFile; fileRef = 2FA1427B2A149024006AA91B /* Main.storyboard */; };
		2FA142822A149026006AA91B /* LaunchScreen.storyboard in Resources */ = {isa = PBXBuildFile; fileRef = 2FA142802A149026006AA91B /* LaunchScreen.storyboard */; };
		2FB095862A2631910035FB78 /* DeviceGroup.swift in Sources */ = {isa = PBXBuildFile; fileRef = 2FB095852A2631910035FB78 /* DeviceGroup.swift */; };
		2FD24DA82A24F73B000747D7 /* SearchResultViewController.swift in Sources */ = {isa = PBXBuildFile; fileRef = 2FD24DA72A24F73B000747D7 /* SearchResultViewController.swift */; };
		2FFCFC422A1DD2A200E2AC95 /* Home.storyboard in Resources */ = {isa = PBXBuildFile; fileRef = 2FFCFC412A1DD2A200E2AC95 /* Home.storyboard */; };
		2FFCFC442A1DD2B200E2AC95 /* HomeViewController.swift in Sources */ = {isa = PBXBuildFile; fileRef = 2FFCFC432A1DD2B200E2AC95 /* HomeViewController.swift */; };
		5A444B6E2A2789DC0070137A /* StudyInputView.xib in Resources */ = {isa = PBXBuildFile; fileRef = 5A444B6D2A2789DC0070137A /* StudyInputView.xib */; };
		5A444B732A278B590070137A /* StudyInputView.swift in Sources */ = {isa = PBXBuildFile; fileRef = 5A444B722A278B590070137A /* StudyInputView.swift */; };
		5A67766B2A1E1ECF00F1D3DB /* Assets.xcassets in Resources */ = {isa = PBXBuildFile; fileRef = 5A67766A2A1E1ECF00F1D3DB /* Assets.xcassets */; };
		5A6776B62A2269B600F1D3DB /* Pretendard-Bold.ttf in Resources */ = {isa = PBXBuildFile; fileRef = 5A6776AD2A2269B600F1D3DB /* Pretendard-Bold.ttf */; };
		5A6776B72A2269B600F1D3DB /* Pretendard-Medium.ttf in Resources */ = {isa = PBXBuildFile; fileRef = 5A6776AE2A2269B600F1D3DB /* Pretendard-Medium.ttf */; };
		5A6776B82A2269B600F1D3DB /* Pretendard-SemiBold.ttf in Resources */ = {isa = PBXBuildFile; fileRef = 5A6776AF2A2269B600F1D3DB /* Pretendard-SemiBold.ttf */; };
		5A6776B92A2269B600F1D3DB /* Pretendard-ExtraBold.ttf in Resources */ = {isa = PBXBuildFile; fileRef = 5A6776B02A2269B600F1D3DB /* Pretendard-ExtraBold.ttf */; };
		5A6776BA2A2269B600F1D3DB /* Pretendard-Regular.ttf in Resources */ = {isa = PBXBuildFile; fileRef = 5A6776B12A2269B600F1D3DB /* Pretendard-Regular.ttf */; };
		5A6776BB2A2269B600F1D3DB /* Pretendard-Thin.ttf in Resources */ = {isa = PBXBuildFile; fileRef = 5A6776B22A2269B600F1D3DB /* Pretendard-Thin.ttf */; };
		5A6776BC2A2269B600F1D3DB /* Pretendard-ExtraLight.ttf in Resources */ = {isa = PBXBuildFile; fileRef = 5A6776B32A2269B600F1D3DB /* Pretendard-ExtraLight.ttf */; };
		5A6776BD2A2269B600F1D3DB /* Pretendard-Light.ttf in Resources */ = {isa = PBXBuildFile; fileRef = 5A6776B42A2269B600F1D3DB /* Pretendard-Light.ttf */; };
		5A6776BE2A2269B600F1D3DB /* Pretendard-Black.ttf in Resources */ = {isa = PBXBuildFile; fileRef = 5A6776B52A2269B600F1D3DB /* Pretendard-Black.ttf */; };
		5A6776C12A2269DA00F1D3DB /* survey_character.png in Resources */ = {isa = PBXBuildFile; fileRef = 5A6776C02A2269DA00F1D3DB /* survey_character.png */; };
		5ABFE9E82A19FF4E0094A316 /* SurveyInputView.xib in Resources */ = {isa = PBXBuildFile; fileRef = 5ABFE9E72A19FF4E0094A316 /* SurveyInputView.xib */; };
		5ABFE9EA2A1A05840094A316 /* SurveyInputView.swift in Sources */ = {isa = PBXBuildFile; fileRef = 5ABFE9E92A1A05840094A316 /* SurveyInputView.swift */; };
		5AC619912A170A4000966219 /* Survey.storyboard in Resources */ = {isa = PBXBuildFile; fileRef = 5AC619902A170A4000966219 /* Survey.storyboard */; };
		5AC619932A170BF300966219 /* SurveyViewController.swift in Sources */ = {isa = PBXBuildFile; fileRef = 5AC619922A170BF300966219 /* SurveyViewController.swift */; };
		5AC619B42A19E5BD00966219 /* SurveyFirstVC.swift in Sources */ = {isa = PBXBuildFile; fileRef = 5AC619B32A19E5BD00966219 /* SurveyFirstVC.swift */; };
		5AF073AB2A303748004FD8BB /* SurveySecondVC.swift in Sources */ = {isa = PBXBuildFile; fileRef = 5AF073AA2A303748004FD8BB /* SurveySecondVC.swift */; };
		5AF073AD2A30375C004FD8BB /* SurveyThirdVC.swift in Sources */ = {isa = PBXBuildFile; fileRef = 5AF073AC2A30375C004FD8BB /* SurveyThirdVC.swift */; };
		5AF073AF2A30376D004FD8BB /* SurveyLastVC.swift in Sources */ = {isa = PBXBuildFile; fileRef = 5AF073AE2A30376D004FD8BB /* SurveyLastVC.swift */; };
		E6FE083ADFD94888B7BAA4B1 /* Pods_MOS.framework in Frameworks */ = {isa = PBXBuildFile; fileRef = C8023C552FBAB477251468C8 /* Pods_MOS.framework */; };
/* End PBXBuildFile section */

/* Begin PBXFileReference section */
		2F28E67C2A1DD9BA00021E72 /* Search.storyboard */ = {isa = PBXFileReference; lastKnownFileType = file.storyboard; path = Search.storyboard; sourceTree = "<group>"; };
		2F28E67E2A1DD9C700021E72 /* SearchViewController.swift */ = {isa = PBXFileReference; lastKnownFileType = sourcecode.swift; path = SearchViewController.swift; sourceTree = "<group>"; };
		2F28E6802A1DDA4300021E72 /* StudyRoomViewController.swift */ = {isa = PBXFileReference; lastKnownFileType = sourcecode.swift; path = StudyRoomViewController.swift; sourceTree = "<group>"; };
		2F28E6822A1DDA5F00021E72 /* StudyRoom.storyboard */ = {isa = PBXFileReference; lastKnownFileType = file.storyboard; path = StudyRoom.storyboard; sourceTree = "<group>"; };
		2F28E6842A1DDAD300021E72 /* MyPage.storyboard */ = {isa = PBXFileReference; lastKnownFileType = file.storyboard; path = MyPage.storyboard; sourceTree = "<group>"; };
		2F28E6862A1DDADE00021E72 /* MyPageViewController.swift */ = {isa = PBXFileReference; lastKnownFileType = sourcecode.swift; path = MyPageViewController.swift; sourceTree = "<group>"; };
		2F28E6882A1DDF9900021E72 /* AddStudyViewController.swift */ = {isa = PBXFileReference; lastKnownFileType = sourcecode.swift; path = AddStudyViewController.swift; sourceTree = "<group>"; };
		2F28E68A2A1DDFBE00021E72 /* AddStudy.storyboard */ = {isa = PBXFileReference; lastKnownFileType = file.storyboard; path = AddStudy.storyboard; sourceTree = "<group>"; };
		2F2B3E222A1DBE52008B0506 /* TabMenuViewController.swift */ = {isa = PBXFileReference; lastKnownFileType = sourcecode.swift; path = TabMenuViewController.swift; sourceTree = "<group>"; };
		2F2B3E242A1DBE74008B0506 /* TabMenu.storyboard */ = {isa = PBXFileReference; lastKnownFileType = file.storyboard; path = TabMenu.storyboard; sourceTree = "<group>"; };
		2FA142722A149024006AA91B /* MOS.app */ = {isa = PBXFileReference; explicitFileType = wrapper.application; includeInIndex = 0; path = MOS.app; sourceTree = BUILT_PRODUCTS_DIR; };
		2FA142752A149024006AA91B /* AppDelegate.swift */ = {isa = PBXFileReference; lastKnownFileType = sourcecode.swift; path = AppDelegate.swift; sourceTree = "<group>"; };
		2FA142772A149024006AA91B /* SceneDelegate.swift */ = {isa = PBXFileReference; lastKnownFileType = sourcecode.swift; path = SceneDelegate.swift; sourceTree = "<group>"; };
		2FA142792A149024006AA91B /* ViewController.swift */ = {isa = PBXFileReference; lastKnownFileType = sourcecode.swift; path = ViewController.swift; sourceTree = "<group>"; };
		2FA1427C2A149024006AA91B /* Base */ = {isa = PBXFileReference; lastKnownFileType = file.storyboard; name = Base; path = Base.lproj/Main.storyboard; sourceTree = "<group>"; };
		2FA142812A149026006AA91B /* Base */ = {isa = PBXFileReference; lastKnownFileType = file.storyboard; name = Base; path = Base.lproj/LaunchScreen.storyboard; sourceTree = "<group>"; };
		2FA142832A149026006AA91B /* Info.plist */ = {isa = PBXFileReference; lastKnownFileType = text.plist.xml; path = Info.plist; sourceTree = "<group>"; };
		2FB095852A2631910035FB78 /* DeviceGroup.swift */ = {isa = PBXFileReference; lastKnownFileType = sourcecode.swift; path = DeviceGroup.swift; sourceTree = "<group>"; };
		2FD24DA72A24F73B000747D7 /* SearchResultViewController.swift */ = {isa = PBXFileReference; lastKnownFileType = sourcecode.swift; path = SearchResultViewController.swift; sourceTree = "<group>"; };
		2FFCFC412A1DD2A200E2AC95 /* Home.storyboard */ = {isa = PBXFileReference; lastKnownFileType = file.storyboard; path = Home.storyboard; sourceTree = "<group>"; };
		2FFCFC432A1DD2B200E2AC95 /* HomeViewController.swift */ = {isa = PBXFileReference; lastKnownFileType = sourcecode.swift; path = HomeViewController.swift; sourceTree = "<group>"; };
		5A444B6D2A2789DC0070137A /* StudyInputView.xib */ = {isa = PBXFileReference; lastKnownFileType = file.xib; path = StudyInputView.xib; sourceTree = "<group>"; };
		5A444B722A278B590070137A /* StudyInputView.swift */ = {isa = PBXFileReference; lastKnownFileType = sourcecode.swift; path = StudyInputView.swift; sourceTree = "<group>"; };
		5A67766A2A1E1ECF00F1D3DB /* Assets.xcassets */ = {isa = PBXFileReference; lastKnownFileType = folder.assetcatalog; path = Assets.xcassets; sourceTree = "<group>"; };
		5A6776AD2A2269B600F1D3DB /* Pretendard-Bold.ttf */ = {isa = PBXFileReference; lastKnownFileType = file; path = "Pretendard-Bold.ttf"; sourceTree = "<group>"; };
		5A6776AE2A2269B600F1D3DB /* Pretendard-Medium.ttf */ = {isa = PBXFileReference; lastKnownFileType = file; path = "Pretendard-Medium.ttf"; sourceTree = "<group>"; };
		5A6776AF2A2269B600F1D3DB /* Pretendard-SemiBold.ttf */ = {isa = PBXFileReference; lastKnownFileType = file; path = "Pretendard-SemiBold.ttf"; sourceTree = "<group>"; };
		5A6776B02A2269B600F1D3DB /* Pretendard-ExtraBold.ttf */ = {isa = PBXFileReference; lastKnownFileType = file; path = "Pretendard-ExtraBold.ttf"; sourceTree = "<group>"; };
		5A6776B12A2269B600F1D3DB /* Pretendard-Regular.ttf */ = {isa = PBXFileReference; lastKnownFileType = file; path = "Pretendard-Regular.ttf"; sourceTree = "<group>"; };
		5A6776B22A2269B600F1D3DB /* Pretendard-Thin.ttf */ = {isa = PBXFileReference; lastKnownFileType = file; path = "Pretendard-Thin.ttf"; sourceTree = "<group>"; };
		5A6776B32A2269B600F1D3DB /* Pretendard-ExtraLight.ttf */ = {isa = PBXFileReference; lastKnownFileType = file; path = "Pretendard-ExtraLight.ttf"; sourceTree = "<group>"; };
		5A6776B42A2269B600F1D3DB /* Pretendard-Light.ttf */ = {isa = PBXFileReference; lastKnownFileType = file; path = "Pretendard-Light.ttf"; sourceTree = "<group>"; };
		5A6776B52A2269B600F1D3DB /* Pretendard-Black.ttf */ = {isa = PBXFileReference; lastKnownFileType = file; path = "Pretendard-Black.ttf"; sourceTree = "<group>"; };
		5A6776C02A2269DA00F1D3DB /* survey_character.png */ = {isa = PBXFileReference; lastKnownFileType = image.png; path = survey_character.png; sourceTree = "<group>"; };
		5ABFE9E72A19FF4E0094A316 /* SurveyInputView.xib */ = {isa = PBXFileReference; lastKnownFileType = file.xib; path = SurveyInputView.xib; sourceTree = "<group>"; };
		5ABFE9E92A1A05840094A316 /* SurveyInputView.swift */ = {isa = PBXFileReference; lastKnownFileType = sourcecode.swift; path = SurveyInputView.swift; sourceTree = "<group>"; };
		5AC619902A170A4000966219 /* Survey.storyboard */ = {isa = PBXFileReference; lastKnownFileType = file.storyboard; path = Survey.storyboard; sourceTree = "<group>"; };
		5AC619922A170BF300966219 /* SurveyViewController.swift */ = {isa = PBXFileReference; lastKnownFileType = sourcecode.swift; path = SurveyViewController.swift; sourceTree = "<group>"; };
		5AC619B32A19E5BD00966219 /* SurveyFirstVC.swift */ = {isa = PBXFileReference; lastKnownFileType = sourcecode.swift; path = SurveyFirstVC.swift; sourceTree = "<group>"; };
		5AF073AA2A303748004FD8BB /* SurveySecondVC.swift */ = {isa = PBXFileReference; lastKnownFileType = sourcecode.swift; path = SurveySecondVC.swift; sourceTree = "<group>"; };
		5AF073AC2A30375C004FD8BB /* SurveyThirdVC.swift */ = {isa = PBXFileReference; lastKnownFileType = sourcecode.swift; path = SurveyThirdVC.swift; sourceTree = "<group>"; };
		5AF073AE2A30376D004FD8BB /* SurveyLastVC.swift */ = {isa = PBXFileReference; lastKnownFileType = sourcecode.swift; path = SurveyLastVC.swift; sourceTree = "<group>"; };
		9F0823D3883FA48E77D1F2F6 /* Pods-MOS.release.xcconfig */ = {isa = PBXFileReference; includeInIndex = 1; lastKnownFileType = text.xcconfig; name = "Pods-MOS.release.xcconfig"; path = "Target Support Files/Pods-MOS/Pods-MOS.release.xcconfig"; sourceTree = "<group>"; };
		C8023C552FBAB477251468C8 /* Pods_MOS.framework */ = {isa = PBXFileReference; explicitFileType = wrapper.framework; includeInIndex = 0; path = Pods_MOS.framework; sourceTree = BUILT_PRODUCTS_DIR; };
		FDBE30F43F34FDAD99EE86F2 /* Pods-MOS.debug.xcconfig */ = {isa = PBXFileReference; includeInIndex = 1; lastKnownFileType = text.xcconfig; name = "Pods-MOS.debug.xcconfig"; path = "Target Support Files/Pods-MOS/Pods-MOS.debug.xcconfig"; sourceTree = "<group>"; };
/* End PBXFileReference section */

/* Begin PBXFrameworksBuildPhase section */
		2FA1426F2A149024006AA91B /* Frameworks */ = {
			isa = PBXFrameworksBuildPhase;
			buildActionMask = 2147483647;
			files = (
				E6FE083ADFD94888B7BAA4B1 /* Pods_MOS.framework in Frameworks */,
			);
			runOnlyForDeploymentPostprocessing = 0;
		};
/* End PBXFrameworksBuildPhase section */

/* Begin PBXGroup section */
		2FA142692A149024006AA91B = {
			isa = PBXGroup;
			children = (
				2FA142742A149024006AA91B /* MOS */,
				2FA142732A149024006AA91B /* Products */,
				C35C3B6E0BF1EB72F67636F6 /* Pods */,
				7F51805F66C8A8191B140654 /* Frameworks */,
			);
			sourceTree = "<group>";
		};
		2FA142732A149024006AA91B /* Products */ = {
			isa = PBXGroup;
			children = (
				2FA142722A149024006AA91B /* MOS.app */,
			);
			name = Products;
			sourceTree = "<group>";
		};
		2FA142742A149024006AA91B /* MOS */ = {
			isa = PBXGroup;
			children = (
				5AC619942A17105600966219 /* Resources */,
				2FA142752A149024006AA91B /* AppDelegate.swift */,
				2FA142772A149024006AA91B /* SceneDelegate.swift */,
				2FA142792A149024006AA91B /* ViewController.swift */,
				2FA1427B2A149024006AA91B /* Main.storyboard */,
				2FA142802A149026006AA91B /* LaunchScreen.storyboard */,
				5AC619902A170A4000966219 /* Survey.storyboard */,
				5AC619922A170BF300966219 /* SurveyViewController.swift */,
				5AC619B32A19E5BD00966219 /* SurveyFirstVC.swift */,
				5AF073AA2A303748004FD8BB /* SurveySecondVC.swift */,
				5AF073AC2A30375C004FD8BB /* SurveyThirdVC.swift */,
				5AF073AE2A30376D004FD8BB /* SurveyLastVC.swift */,
				5ABFE9E72A19FF4E0094A316 /* SurveyInputView.xib */,
				5ABFE9E92A1A05840094A316 /* SurveyInputView.swift */,
				2FA142832A149026006AA91B /* Info.plist */,
				5A67766A2A1E1ECF00F1D3DB /* Assets.xcassets */,
				2F2B3E242A1DBE74008B0506 /* TabMenu.storyboard */,
				2F2B3E222A1DBE52008B0506 /* TabMenuViewController.swift */,
				2FFCFC412A1DD2A200E2AC95 /* Home.storyboard */,
				2FFCFC432A1DD2B200E2AC95 /* HomeViewController.swift */,
				2F28E67C2A1DD9BA00021E72 /* Search.storyboard */,
				2F28E67E2A1DD9C700021E72 /* SearchViewController.swift */,
				2FD24DA72A24F73B000747D7 /* SearchResultViewController.swift */,
				2F28E68A2A1DDFBE00021E72 /* AddStudy.storyboard */,
				2F28E6882A1DDF9900021E72 /* AddStudyViewController.swift */,
				2F28E6822A1DDA5F00021E72 /* StudyRoom.storyboard */,
				2F28E6802A1DDA4300021E72 /* StudyRoomViewController.swift */,
				2F28E6842A1DDAD300021E72 /* MyPage.storyboard */,
				2F28E6862A1DDADE00021E72 /* MyPageViewController.swift */,
				2FB095852A2631910035FB78 /* DeviceGroup.swift */,
				5A444B6D2A2789DC0070137A /* StudyInputView.xib */,
				5A444B722A278B590070137A /* StudyInputView.swift */,
			);
			path = MOS;
			sourceTree = "<group>";
		};
		5A6776AC2A22699B00F1D3DB /* Font */ = {
			isa = PBXGroup;
			children = (
				5A6776B52A2269B600F1D3DB /* Pretendard-Black.ttf */,
				5A6776AD2A2269B600F1D3DB /* Pretendard-Bold.ttf */,
				5A6776B02A2269B600F1D3DB /* Pretendard-ExtraBold.ttf */,
				5A6776B32A2269B600F1D3DB /* Pretendard-ExtraLight.ttf */,
				5A6776B42A2269B600F1D3DB /* Pretendard-Light.ttf */,
				5A6776AE2A2269B600F1D3DB /* Pretendard-Medium.ttf */,
				5A6776B12A2269B600F1D3DB /* Pretendard-Regular.ttf */,
				5A6776AF2A2269B600F1D3DB /* Pretendard-SemiBold.ttf */,
				5A6776B22A2269B600F1D3DB /* Pretendard-Thin.ttf */,
			);
			path = Font;
			sourceTree = "<group>";
		};
		5A6776BF2A2269C100F1D3DB /* Images */ = {
			isa = PBXGroup;
			children = (
				5A6776C02A2269DA00F1D3DB /* survey_character.png */,
			);
			path = Images;
			sourceTree = "<group>";
		};
		5AC619942A17105600966219 /* Resources */ = {
			isa = PBXGroup;
			children = (
				5A6776BF2A2269C100F1D3DB /* Images */,
				5A6776AC2A22699B00F1D3DB /* Font */,
			);
			path = Resources;
			sourceTree = "<group>";
		};
		7F51805F66C8A8191B140654 /* Frameworks */ = {
			isa = PBXGroup;
			children = (
				C8023C552FBAB477251468C8 /* Pods_MOS.framework */,
			);
			name = Frameworks;
			sourceTree = "<group>";
		};
		C35C3B6E0BF1EB72F67636F6 /* Pods */ = {
			isa = PBXGroup;
			children = (
				FDBE30F43F34FDAD99EE86F2 /* Pods-MOS.debug.xcconfig */,
				9F0823D3883FA48E77D1F2F6 /* Pods-MOS.release.xcconfig */,
			);
			path = Pods;
			sourceTree = "<group>";
		};
/* End PBXGroup section */

/* Begin PBXNativeTarget section */
		2FA142712A149024006AA91B /* MOS */ = {
			isa = PBXNativeTarget;
			buildConfigurationList = 2FA142862A149026006AA91B /* Build configuration list for PBXNativeTarget "MOS" */;
			buildPhases = (
				C1631B277EDA096EEA35BFDB /* [CP] Check Pods Manifest.lock */,
				2FA1426E2A149024006AA91B /* Sources */,
				2FA1426F2A149024006AA91B /* Frameworks */,
				2FA142702A149024006AA91B /* Resources */,
				1CD3C7AA9BEFBA21D954F106 /* [CP] Embed Pods Frameworks */,
			);
			buildRules = (
			);
			dependencies = (
			);
			name = MOS;
			productName = MOS;
			productReference = 2FA142722A149024006AA91B /* MOS.app */;
			productType = "com.apple.product-type.application";
		};
/* End PBXNativeTarget section */

/* Begin PBXProject section */
		2FA1426A2A149024006AA91B /* Project object */ = {
			isa = PBXProject;
			attributes = {
				BuildIndependentTargetsInParallel = 1;
				LastSwiftUpdateCheck = 1420;
				LastUpgradeCheck = 1420;
				TargetAttributes = {
					2FA142712A149024006AA91B = {
						CreatedOnToolsVersion = 14.2;
					};
				};
			};
			buildConfigurationList = 2FA1426D2A149024006AA91B /* Build configuration list for PBXProject "MOS" */;
			compatibilityVersion = "Xcode 14.0";
			developmentRegion = en;
			hasScannedForEncodings = 0;
			knownRegions = (
				en,
				Base,
			);
			mainGroup = 2FA142692A149024006AA91B;
			productRefGroup = 2FA142732A149024006AA91B /* Products */;
			projectDirPath = "";
			projectRoot = "";
			targets = (
				2FA142712A149024006AA91B /* MOS */,
			);
		};
/* End PBXProject section */

/* Begin PBXResourcesBuildPhase section */
		2FA142702A149024006AA91B /* Resources */ = {
			isa = PBXResourcesBuildPhase;
			buildActionMask = 2147483647;
			files = (
				5A6776BC2A2269B600F1D3DB /* Pretendard-ExtraLight.ttf in Resources */,
				5A6776BB2A2269B600F1D3DB /* Pretendard-Thin.ttf in Resources */,
				5ABFE9E82A19FF4E0094A316 /* SurveyInputView.xib in Resources */,
				5A67766B2A1E1ECF00F1D3DB /* Assets.xcassets in Resources */,
				5A6776BA2A2269B600F1D3DB /* Pretendard-Regular.ttf in Resources */,
				2FA142822A149026006AA91B /* LaunchScreen.storyboard in Resources */,
				5AC619912A170A4000966219 /* Survey.storyboard in Resources */,
				2F28E68B2A1DDFBE00021E72 /* AddStudy.storyboard in Resources */,
				2FA142822A149026006AA91B /* LaunchScreen.storyboard in Resources */,
				2FFCFC422A1DD2A200E2AC95 /* Home.storyboard in Resources */,
				5A6776B62A2269B600F1D3DB /* Pretendard-Bold.ttf in Resources */,
				2F28E6832A1DDA5F00021E72 /* StudyRoom.storyboard in Resources */,
				2F28E6852A1DDAD300021E72 /* MyPage.storyboard in Resources */,
				2F2B3E252A1DBE74008B0506 /* TabMenu.storyboard in Resources */,
				5A6776BE2A2269B600F1D3DB /* Pretendard-Black.ttf in Resources */,
				2F28E67D2A1DD9BA00021E72 /* Search.storyboard in Resources */,
				5A6776B82A2269B600F1D3DB /* Pretendard-SemiBold.ttf in Resources */,
				5A6776B72A2269B600F1D3DB /* Pretendard-Medium.ttf in Resources */,
				2FA1427D2A149024006AA91B /* Main.storyboard in Resources */,
				5A6776BD2A2269B600F1D3DB /* Pretendard-Light.ttf in Resources */,
				5A6776B92A2269B600F1D3DB /* Pretendard-ExtraBold.ttf in Resources */,
				5A6776C12A2269DA00F1D3DB /* survey_character.png in Resources */,
				5A444B6E2A2789DC0070137A /* StudyInputView.xib in Resources */,
			);
			runOnlyForDeploymentPostprocessing = 0;
		};
/* End PBXResourcesBuildPhase section */

/* Begin PBXShellScriptBuildPhase section */
		1CD3C7AA9BEFBA21D954F106 /* [CP] Embed Pods Frameworks */ = {
			isa = PBXShellScriptBuildPhase;
			buildActionMask = 2147483647;
			files = (
			);
			inputFileListPaths = (
				"${PODS_ROOT}/Target Support Files/Pods-MOS/Pods-MOS-frameworks-${CONFIGURATION}-input-files.xcfilelist",
			);
			name = "[CP] Embed Pods Frameworks";
			outputFileListPaths = (
				"${PODS_ROOT}/Target Support Files/Pods-MOS/Pods-MOS-frameworks-${CONFIGURATION}-output-files.xcfilelist",
			);
			runOnlyForDeploymentPostprocessing = 0;
			shellPath = /bin/sh;
			shellScript = "\"${PODS_ROOT}/Target Support Files/Pods-MOS/Pods-MOS-frameworks.sh\"\n";
			showEnvVarsInLog = 0;
		};
		C1631B277EDA096EEA35BFDB /* [CP] Check Pods Manifest.lock */ = {
			isa = PBXShellScriptBuildPhase;
			buildActionMask = 2147483647;
			files = (
			);
			inputFileListPaths = (
			);
			inputPaths = (
				"${PODS_PODFILE_DIR_PATH}/Podfile.lock",
				"${PODS_ROOT}/Manifest.lock",
			);
			name = "[CP] Check Pods Manifest.lock";
			outputFileListPaths = (
			);
			outputPaths = (
				"$(DERIVED_FILE_DIR)/Pods-MOS-checkManifestLockResult.txt",
			);
			runOnlyForDeploymentPostprocessing = 0;
			shellPath = /bin/sh;
			shellScript = "diff \"${PODS_PODFILE_DIR_PATH}/Podfile.lock\" \"${PODS_ROOT}/Manifest.lock\" > /dev/null\nif [ $? != 0 ] ; then\n    # print error to STDERR\n    echo \"error: The sandbox is not in sync with the Podfile.lock. Run 'pod install' or update your CocoaPods installation.\" >&2\n    exit 1\nfi\n# This output is used by Xcode 'outputs' to avoid re-running this script phase.\necho \"SUCCESS\" > \"${SCRIPT_OUTPUT_FILE_0}\"\n";
			showEnvVarsInLog = 0;
		};
/* End PBXShellScriptBuildPhase section */

/* Begin PBXSourcesBuildPhase section */
		2FA1426E2A149024006AA91B /* Sources */ = {
			isa = PBXSourcesBuildPhase;
			buildActionMask = 2147483647;
			files = (
				2F28E6812A1DDA4300021E72 /* StudyRoomViewController.swift in Sources */,
				2F28E67F2A1DD9C700021E72 /* SearchViewController.swift in Sources */,
				5AF073AB2A303748004FD8BB /* SurveySecondVC.swift in Sources */,
				2FFCFC442A1DD2B200E2AC95 /* HomeViewController.swift in Sources */,
				2F28E6892A1DDF9A00021E72 /* AddStudyViewController.swift in Sources */,
				2FA1427A2A149024006AA91B /* ViewController.swift in Sources */,
				5AF073AD2A30375C004FD8BB /* SurveyThirdVC.swift in Sources */,
				2F2B3E232A1DBE52008B0506 /* TabMenuViewController.swift in Sources */,
				2FA142762A149024006AA91B /* AppDelegate.swift in Sources */,
				5AC619932A170BF300966219 /* SurveyViewController.swift in Sources */,
				2FA142782A149024006AA91B /* SceneDelegate.swift in Sources */,
				5AC619B42A19E5BD00966219 /* SurveyFirstVC.swift in Sources */,
				5AF073AF2A30376D004FD8BB /* SurveyLastVC.swift in Sources */,
				5ABFE9EA2A1A05840094A316 /* SurveyInputView.swift in Sources */,
				2FB095862A2631910035FB78 /* DeviceGroup.swift in Sources */,
				2FD24DA82A24F73B000747D7 /* SearchResultViewController.swift in Sources */,
				5A444B732A278B590070137A /* StudyInputView.swift in Sources */,
				2F28E6872A1DDADE00021E72 /* MyPageViewController.swift in Sources */,
			);
			runOnlyForDeploymentPostprocessing = 0;
		};
/* End PBXSourcesBuildPhase section */

/* Begin PBXVariantGroup section */
		2FA1427B2A149024006AA91B /* Main.storyboard */ = {
			isa = PBXVariantGroup;
			children = (
				2FA1427C2A149024006AA91B /* Base */,
			);
			name = Main.storyboard;
			sourceTree = "<group>";
		};
		2FA142802A149026006AA91B /* LaunchScreen.storyboard */ = {
			isa = PBXVariantGroup;
			children = (
				2FA142812A149026006AA91B /* Base */,
			);
			name = LaunchScreen.storyboard;
			sourceTree = "<group>";
		};
/* End PBXVariantGroup section */

/* Begin XCBuildConfiguration section */
		2FA142842A149026006AA91B /* Debug */ = {
			isa = XCBuildConfiguration;
			buildSettings = {
				ALWAYS_SEARCH_USER_PATHS = NO;
				CLANG_ANALYZER_NONNULL = YES;
				CLANG_ANALYZER_NUMBER_OBJECT_CONVERSION = YES_AGGRESSIVE;
				CLANG_CXX_LANGUAGE_STANDARD = "gnu++20";
				CLANG_ENABLE_MODULES = YES;
				CLANG_ENABLE_OBJC_ARC = YES;
				CLANG_ENABLE_OBJC_WEAK = YES;
				CLANG_WARN_BLOCK_CAPTURE_AUTORELEASING = YES;
				CLANG_WARN_BOOL_CONVERSION = YES;
				CLANG_WARN_COMMA = YES;
				CLANG_WARN_CONSTANT_CONVERSION = YES;
				CLANG_WARN_DEPRECATED_OBJC_IMPLEMENTATIONS = YES;
				CLANG_WARN_DIRECT_OBJC_ISA_USAGE = YES_ERROR;
				CLANG_WARN_DOCUMENTATION_COMMENTS = YES;
				CLANG_WARN_EMPTY_BODY = YES;
				CLANG_WARN_ENUM_CONVERSION = YES;
				CLANG_WARN_INFINITE_RECURSION = YES;
				CLANG_WARN_INT_CONVERSION = YES;
				CLANG_WARN_NON_LITERAL_NULL_CONVERSION = YES;
				CLANG_WARN_OBJC_IMPLICIT_RETAIN_SELF = YES;
				CLANG_WARN_OBJC_LITERAL_CONVERSION = YES;
				CLANG_WARN_OBJC_ROOT_CLASS = YES_ERROR;
				CLANG_WARN_QUOTED_INCLUDE_IN_FRAMEWORK_HEADER = YES;
				CLANG_WARN_RANGE_LOOP_ANALYSIS = YES;
				CLANG_WARN_STRICT_PROTOTYPES = YES;
				CLANG_WARN_SUSPICIOUS_MOVE = YES;
				CLANG_WARN_UNGUARDED_AVAILABILITY = YES_AGGRESSIVE;
				CLANG_WARN_UNREACHABLE_CODE = YES;
				CLANG_WARN__DUPLICATE_METHOD_MATCH = YES;
				COPY_PHASE_STRIP = NO;
				DEBUG_INFORMATION_FORMAT = dwarf;
				ENABLE_STRICT_OBJC_MSGSEND = YES;
				ENABLE_TESTABILITY = YES;
				GCC_C_LANGUAGE_STANDARD = gnu11;
				GCC_DYNAMIC_NO_PIC = NO;
				GCC_NO_COMMON_BLOCKS = YES;
				GCC_OPTIMIZATION_LEVEL = 0;
				GCC_PREPROCESSOR_DEFINITIONS = (
					"DEBUG=1",
					"$(inherited)",
				);
				GCC_WARN_64_TO_32_BIT_CONVERSION = YES;
				GCC_WARN_ABOUT_RETURN_TYPE = YES_ERROR;
				GCC_WARN_UNDECLARED_SELECTOR = YES;
				GCC_WARN_UNINITIALIZED_AUTOS = YES_AGGRESSIVE;
				GCC_WARN_UNUSED_FUNCTION = YES;
				GCC_WARN_UNUSED_VARIABLE = YES;
				IPHONEOS_DEPLOYMENT_TARGET = 16.2;
				MTL_ENABLE_DEBUG_INFO = INCLUDE_SOURCE;
				MTL_FAST_MATH = YES;
				ONLY_ACTIVE_ARCH = YES;
				SDKROOT = iphoneos;
				SWIFT_ACTIVE_COMPILATION_CONDITIONS = DEBUG;
				SWIFT_OPTIMIZATION_LEVEL = "-Onone";
			};
			name = Debug;
		};
		2FA142852A149026006AA91B /* Release */ = {
			isa = XCBuildConfiguration;
			buildSettings = {
				ALWAYS_SEARCH_USER_PATHS = NO;
				CLANG_ANALYZER_NONNULL = YES;
				CLANG_ANALYZER_NUMBER_OBJECT_CONVERSION = YES_AGGRESSIVE;
				CLANG_CXX_LANGUAGE_STANDARD = "gnu++20";
				CLANG_ENABLE_MODULES = YES;
				CLANG_ENABLE_OBJC_ARC = YES;
				CLANG_ENABLE_OBJC_WEAK = YES;
				CLANG_WARN_BLOCK_CAPTURE_AUTORELEASING = YES;
				CLANG_WARN_BOOL_CONVERSION = YES;
				CLANG_WARN_COMMA = YES;
				CLANG_WARN_CONSTANT_CONVERSION = YES;
				CLANG_WARN_DEPRECATED_OBJC_IMPLEMENTATIONS = YES;
				CLANG_WARN_DIRECT_OBJC_ISA_USAGE = YES_ERROR;
				CLANG_WARN_DOCUMENTATION_COMMENTS = YES;
				CLANG_WARN_EMPTY_BODY = YES;
				CLANG_WARN_ENUM_CONVERSION = YES;
				CLANG_WARN_INFINITE_RECURSION = YES;
				CLANG_WARN_INT_CONVERSION = YES;
				CLANG_WARN_NON_LITERAL_NULL_CONVERSION = YES;
				CLANG_WARN_OBJC_IMPLICIT_RETAIN_SELF = YES;
				CLANG_WARN_OBJC_LITERAL_CONVERSION = YES;
				CLANG_WARN_OBJC_ROOT_CLASS = YES_ERROR;
				CLANG_WARN_QUOTED_INCLUDE_IN_FRAMEWORK_HEADER = YES;
				CLANG_WARN_RANGE_LOOP_ANALYSIS = YES;
				CLANG_WARN_STRICT_PROTOTYPES = YES;
				CLANG_WARN_SUSPICIOUS_MOVE = YES;
				CLANG_WARN_UNGUARDED_AVAILABILITY = YES_AGGRESSIVE;
				CLANG_WARN_UNREACHABLE_CODE = YES;
				CLANG_WARN__DUPLICATE_METHOD_MATCH = YES;
				COPY_PHASE_STRIP = NO;
				DEBUG_INFORMATION_FORMAT = "dwarf-with-dsym";
				ENABLE_NS_ASSERTIONS = NO;
				ENABLE_STRICT_OBJC_MSGSEND = YES;
				GCC_C_LANGUAGE_STANDARD = gnu11;
				GCC_NO_COMMON_BLOCKS = YES;
				GCC_WARN_64_TO_32_BIT_CONVERSION = YES;
				GCC_WARN_ABOUT_RETURN_TYPE = YES_ERROR;
				GCC_WARN_UNDECLARED_SELECTOR = YES;
				GCC_WARN_UNINITIALIZED_AUTOS = YES_AGGRESSIVE;
				GCC_WARN_UNUSED_FUNCTION = YES;
				GCC_WARN_UNUSED_VARIABLE = YES;
				IPHONEOS_DEPLOYMENT_TARGET = 16.2;
				MTL_ENABLE_DEBUG_INFO = NO;
				MTL_FAST_MATH = YES;
				SDKROOT = iphoneos;
				SWIFT_COMPILATION_MODE = wholemodule;
				SWIFT_OPTIMIZATION_LEVEL = "-O";
				VALIDATE_PRODUCT = YES;
			};
			name = Release;
		};
		2FA142872A149026006AA91B /* Debug */ = {
			isa = XCBuildConfiguration;
			baseConfigurationReference = FDBE30F43F34FDAD99EE86F2 /* Pods-MOS.debug.xcconfig */;
			buildSettings = {
				ASSETCATALOG_COMPILER_APPICON_NAME = AppIcon;
				ASSETCATALOG_COMPILER_GLOBAL_ACCENT_COLOR_NAME = AccentColor;
				CODE_SIGN_STYLE = Automatic;
				CURRENT_PROJECT_VERSION = 1;
				GENERATE_INFOPLIST_FILE = YES;
				INFOPLIST_FILE = MOS/Info.plist;
				INFOPLIST_KEY_UIApplicationSupportsIndirectInputEvents = YES;
				INFOPLIST_KEY_UILaunchStoryboardName = LaunchScreen;
				INFOPLIST_KEY_UIMainStoryboardFile = Main;
				INFOPLIST_KEY_UISupportedInterfaceOrientations_iPad = "UIInterfaceOrientationPortrait UIInterfaceOrientationPortraitUpsideDown UIInterfaceOrientationLandscapeLeft UIInterfaceOrientationLandscapeRight";
				INFOPLIST_KEY_UISupportedInterfaceOrientations_iPhone = "UIInterfaceOrientationPortrait UIInterfaceOrientationLandscapeLeft UIInterfaceOrientationLandscapeRight";
				IPHONEOS_DEPLOYMENT_TARGET = 14.0;
				LD_RUNPATH_SEARCH_PATHS = (
					"$(inherited)",
					"@executable_path/Frameworks",
				);
				MARKETING_VERSION = 1.0;
				PRODUCT_BUNDLE_IDENTIFIER = mammoth.MOS;
				PRODUCT_NAME = "$(TARGET_NAME)";
				SUPPORTED_PLATFORMS = "iphoneos iphonesimulator";
				SUPPORTS_MACCATALYST = NO;
				SUPPORTS_MAC_DESIGNED_FOR_IPHONE_IPAD = NO;
				SWIFT_EMIT_LOC_STRINGS = YES;
				SWIFT_VERSION = 5.0;
				TARGETED_DEVICE_FAMILY = 1;
			};
			name = Debug;
		};
		2FA142882A149026006AA91B /* Release */ = {
			isa = XCBuildConfiguration;
			baseConfigurationReference = 9F0823D3883FA48E77D1F2F6 /* Pods-MOS.release.xcconfig */;
			buildSettings = {
				ASSETCATALOG_COMPILER_APPICON_NAME = AppIcon;
				ASSETCATALOG_COMPILER_GLOBAL_ACCENT_COLOR_NAME = AccentColor;
				CODE_SIGN_STYLE = Automatic;
				CURRENT_PROJECT_VERSION = 1;
				GENERATE_INFOPLIST_FILE = YES;
				INFOPLIST_FILE = MOS/Info.plist;
				INFOPLIST_KEY_UIApplicationSupportsIndirectInputEvents = YES;
				INFOPLIST_KEY_UILaunchStoryboardName = LaunchScreen;
				INFOPLIST_KEY_UIMainStoryboardFile = Main;
				INFOPLIST_KEY_UISupportedInterfaceOrientations_iPad = "UIInterfaceOrientationPortrait UIInterfaceOrientationPortraitUpsideDown UIInterfaceOrientationLandscapeLeft UIInterfaceOrientationLandscapeRight";
				INFOPLIST_KEY_UISupportedInterfaceOrientations_iPhone = "UIInterfaceOrientationPortrait UIInterfaceOrientationLandscapeLeft UIInterfaceOrientationLandscapeRight";
				IPHONEOS_DEPLOYMENT_TARGET = 14.0;
				LD_RUNPATH_SEARCH_PATHS = (
					"$(inherited)",
					"@executable_path/Frameworks",
				);
				MARKETING_VERSION = 1.0;
				PRODUCT_BUNDLE_IDENTIFIER = mammoth.MOS;
				PRODUCT_NAME = "$(TARGET_NAME)";
				SUPPORTED_PLATFORMS = "iphoneos iphonesimulator";
				SUPPORTS_MACCATALYST = NO;
				SUPPORTS_MAC_DESIGNED_FOR_IPHONE_IPAD = NO;
				SWIFT_EMIT_LOC_STRINGS = YES;
				SWIFT_VERSION = 5.0;
				TARGETED_DEVICE_FAMILY = 1;
			};
			name = Release;
		};
/* End XCBuildConfiguration section */

/* Begin XCConfigurationList section */
		2FA1426D2A149024006AA91B /* Build configuration list for PBXProject "MOS" */ = {
			isa = XCConfigurationList;
			buildConfigurations = (
				2FA142842A149026006AA91B /* Debug */,
				2FA142852A149026006AA91B /* Release */,
			);
			defaultConfigurationIsVisible = 0;
			defaultConfigurationName = Release;
		};
		2FA142862A149026006AA91B /* Build configuration list for PBXNativeTarget "MOS" */ = {
			isa = XCConfigurationList;
			buildConfigurations = (
				2FA142872A149026006AA91B /* Debug */,
				2FA142882A149026006AA91B /* Release */,
			);
			defaultConfigurationIsVisible = 0;
			defaultConfigurationName = Release;
		};
/* End XCConfigurationList section */
	};
	rootObject = 2FA1426A2A149024006AA91B /* Project object */;
}
