PODS:
  - DeviceKit (4.9.0)
  - DropDown (2.3.13)
  - LZViewPager (1.2.8):
    - SnapKit (~> 5.6.0)
  - SnapKit (5.6.0)

DEPENDENCIES:
  - DeviceKit (~> 4.0)
  - DropDown
  - LZViewPager

SPEC REPOS:
  trunk:
    - DeviceKit
    - DropDown
    - LZViewPager
    - SnapKit

SPEC CHECKSUMS:
  DeviceKit: 847709bf70b78fd9ab765bd571fb9f5f815c3fc1
  DropDown: 8a2116376c1981888557f72ec2ffc9a5e0e456ec
  LZViewPager: 832bd177210060e1282b67aa1e9cd201ded67a5b
  SnapKit: e01d52ebb8ddbc333eefe2132acf85c8227d9c25

PODFILE CHECKSUM: adc1eb1281f18464e5843ebea7eafe5efc79f95a

COCOAPODS: 1.12.1
