{
  "pins" : [
    {
      "identity" : "fastis",
      "kind" : "remoteSourceControl",
      "location" : "https://github.com/simla-tech/Fastis",
      "state" : {
        "revision" : "8e20bf0a174740379b9947a77705783489776c42",
        "version" : "3.1.0"
      }
    },
    {
      "identity" : "jtapplecalendar",
      "kind" : "remoteSourceControl",
      "location" : "https://github.com/patchthecode/JTAppleCalendar",
      "state" : {
        "revision" : "718f0ab68ba0fcd2bc134f6e9d30edc1b9b038e1",
        "version" : "8.0.5"
      }
    },
    {
      "identity" : "prettycards",
      "kind" : "remoteSourceControl",
      "location" : "https://github.com/simla-tech/PrettyCards",
      "state" : {
        "revision" : "3115edbd79c66090729dfb261dc4fbf7c6df0ac1",
        "version" : "1.0.7"
      }
    }
  ],
  "version" : 2
}
